// !$*UTF8*$!
{
	archiveVersion = 1;
	classes = {
	};
	objectVersion = 46;
	objects = {

/* Begin PBXBuildFile section */
		55011B781923608B00D0B7A3 /* TSTask.m in Sources */ = {isa = PBXBuildFile; fileRef = 55011B771923608B00D0B7A3 /* TSTask.m */; };
		55011B7B1923608C00D0B7A3 /* TSRuleType.m in Sources */ = {isa = PBXBuildFile; fileRef = 55011B7A1923608C00D0B7A3 /* TSRuleType.m */; };
		550BAC951921EFB7001F393D /* Foundation.framework in Frameworks */ = {isa = PBXBuildFile; fileRef = 550BAC941921EFB7001F393D /* Foundation.framework */; };
		550BAC971921EFB7001F393D /* CoreGraphics.framework in Frameworks */ = {isa = PBXBuildFile; fileRef = 550BAC961921EFB7001F393D /* CoreGraphics.framework */; };
		550BAC991921EFB7001F393D /* UIKit.framework in Frameworks */ = {isa = PBXBuildFile; fileRef = 550BAC981921EFB7001F393D /* UIKit.framework */; };
		550BAC9B1921EFB7001F393D /* CoreData.framework in Frameworks */ = {isa = PBXBuildFile; fileRef = 550BAC9A1921EFB7001F393D /* CoreData.framework */; };
		550BACA11921EFB7001F393D /* InfoPlist.strings in Resources */ = {isa = PBXBuildFile; fileRef = 550BAC9F1921EFB7001F393D /* InfoPlist.strings */; };
		550BACA31921EFB7001F393D /* main.m in Sources */ = {isa = PBXBuildFile; fileRef = 550BACA21921EFB7001F393D /* main.m */; };
		550BACA71921EFB7001F393D /* TSAppDelegate.m in Sources */ = {isa = PBXBuildFile; fileRef = 550BACA61921EFB7001F393D /* TSAppDelegate.m */; };
		550BACAA1921EFB7001F393D /* TaskScheduler.xcdatamodeld in Sources */ = {isa = PBXBuildFile; fileRef = 550BACA81921EFB7001F393D /* TaskScheduler.xcdatamodeld */; };
		550BACAC1921EFB7001F393D /* Images.xcassets in Resources */ = {isa = PBXBuildFile; fileRef = 550BACAB1921EFB7001F393D /* Images.xcassets */; };
		550BACB31921EFB7001F393D /* XCTest.framework in Frameworks */ = {isa = PBXBuildFile; fileRef = 550BACB21921EFB7001F393D /* XCTest.framework */; };
		550BACB41921EFB7001F393D /* Foundation.framework in Frameworks */ = {isa = PBXBuildFile; fileRef = 550BAC941921EFB7001F393D /* Foundation.framework */; };
		550BACB51921EFB7001F393D /* UIKit.framework in Frameworks */ = {isa = PBXBuildFile; fileRef = 550BAC981921EFB7001F393D /* UIKit.framework */; };
		550BACB61921EFB7001F393D /* CoreData.framework in Frameworks */ = {isa = PBXBuildFile; fileRef = 550BAC9A1921EFB7001F393D /* CoreData.framework */; };
		550BACBE1921EFB7001F393D /* InfoPlist.strings in Resources */ = {isa = PBXBuildFile; fileRef = 550BACBC1921EFB7001F393D /* InfoPlist.strings */; };
		550BACC01921EFB7001F393D /* TaskSchedulerTests.m in Sources */ = {isa = PBXBuildFile; fileRef = 550BACBF1921EFB7001F393D /* TaskSchedulerTests.m */; };
		550BACCA1921EFF5001F393D /* .gitignore in Resources */ = {isa = PBXBuildFile; fileRef = 550BACC91921EFF5001F393D /* .gitignore */; };
		550BACD81921F29A001F393D /* UIWindow+TDExtensions.m in Sources */ = {isa = PBXBuildFile; fileRef = 550BACD41921F29A001F393D /* UIWindow+TDExtensions.m */; };
		550BAD811921F55C001F393D /* .gitignore in Resources */ = {isa = PBXBuildFile; fileRef = 550BACDA1921F55B001F393D /* .gitignore */; };
		550BAD821921F55C001F393D /* .gitmodules in Resources */ = {isa = PBXBuildFile; fileRef = 550BACDB1921F55B001F393D /* .gitmodules */; };
		550BAD831921F55C001F393D /* LICENSE in Resources */ = {isa = PBXBuildFile; fileRef = 550BACDC1921F55B001F393D /* LICENSE */; };
		550BAD841921F55C001F393D /* README.md in Resources */ = {isa = PBXBuildFile; fileRef = 550BACDD1921F55B001F393D /* README.md */; };
		550BAD851921F55C001F393D /* .gitignore in Resources */ = {isa = PBXBuildFile; fileRef = 550BACE21921F55B001F393D /* .gitignore */; };
		550BAD861921F55C001F393D /* LICENSE in Resources */ = {isa = PBXBuildFile; fileRef = 550BACE31921F55B001F393D /* LICENSE */; };
		550BAD871921F55C001F393D /* README.md in Resources */ = {isa = PBXBuildFile; fileRef = 550BACE41921F55B001F393D /* README.md */; };
		550BAD881921F55C001F393D /* IDPCoreDataManager.m in Sources */ = {isa = PBXBuildFile; fileRef = 550BACE81921F55B001F393D /* IDPCoreDataManager.m */; };
		550BAD891921F55C001F393D /* NSManagedObject+IDPExtensions.m in Sources */ = {isa = PBXBuildFile; fileRef = 550BACEA1921F55B001F393D /* NSManagedObject+IDPExtensions.m */; };
		550BAD8A1921F55C001F393D /* NSManagedObjectContext+IDPExtensions.m in Sources */ = {isa = PBXBuildFile; fileRef = 550BACEC1921F55B001F393D /* NSManagedObjectContext+IDPExtensions.m */; };
		550BAD8B1921F55C001F393D /* NSManagedObjectID+IDPExtensions.m in Sources */ = {isa = PBXBuildFile; fileRef = 550BACEE1921F55B001F393D /* NSManagedObjectID+IDPExtensions.m */; };
		550BAD8C1921F55C001F393D /* .gitignore in Resources */ = {isa = PBXBuildFile; fileRef = 550BACF01921F55B001F393D /* .gitignore */; };
		550BAD8D1921F55C001F393D /* LICENSE in Resources */ = {isa = PBXBuildFile; fileRef = 550BACF11921F55B001F393D /* LICENSE */; };
		550BAD8E1921F55C001F393D /* README.md in Resources */ = {isa = PBXBuildFile; fileRef = 550BACF21921F55B001F393D /* README.md */; };
		550BAD8F1921F55C001F393D /* CGGeometry+IDPExtensions.m in Sources */ = {isa = PBXBuildFile; fileRef = 550BACF51921F55B001F393D /* CGGeometry+IDPExtensions.m */; };
		550BAD901921F55C001F393D /* IDPMath.m in Sources */ = {isa = PBXBuildFile; fileRef = 550BACF81921F55B001F393D /* IDPMath.m */; };
		550BAD911921F55C001F393D /* NSArray+IDPExtensions.m in Sources */ = {isa = PBXBuildFile; fileRef = 550BACFC1921F55B001F393D /* NSArray+IDPExtensions.m */; };
		550BAD921921F55C001F393D /* NSBundle+IDPExtensions.m in Sources */ = {isa = PBXBuildFile; fileRef = 550BACFE1921F55B001F393D /* NSBundle+IDPExtensions.m */; };
		550BAD931921F55C001F393D /* NSDate+IDPExtensions.m in Sources */ = {isa = PBXBuildFile; fileRef = 550BAD001921F55B001F393D /* NSDate+IDPExtensions.m */; };
		550BAD941921F55C001F393D /* NSDateComponents+IDPExtinsions.m in Sources */ = {isa = PBXBuildFile; fileRef = 550BAD021921F55B001F393D /* NSDateComponents+IDPExtinsions.m */; };
		550BAD951921F55C001F393D /* NSFileManager+IDPExtensions.m in Sources */ = {isa = PBXBuildFile; fileRef = 550BAD041921F55B001F393D /* NSFileManager+IDPExtensions.m */; };
		550BAD961921F55C001F393D /* NSObject+IDPExtensions.m in Sources */ = {isa = PBXBuildFile; fileRef = 550BAD061921F55B001F393D /* NSObject+IDPExtensions.m */; };
		550BAD971921F55C001F393D /* NSString+IDPExtensions.m in Sources */ = {isa = PBXBuildFile; fileRef = 550BAD081921F55B001F393D /* NSString+IDPExtensions.m */; };
		550BAD981921F55C001F393D /* .gitignore in Resources */ = {isa = PBXBuildFile; fileRef = 550BAD0A1921F55B001F393D /* .gitignore */; };
		550BAD991921F55C001F393D /* LICENSE in Resources */ = {isa = PBXBuildFile; fileRef = 550BAD0B1921F55B001F393D /* LICENSE */; };
		550BAD9A1921F55C001F393D /* README.md in Resources */ = {isa = PBXBuildFile; fileRef = 550BAD0C1921F55B001F393D /* README.md */; };
		550BAD9B1921F55C001F393D /* IDPBlock.m in Sources */ = {isa = PBXBuildFile; fileRef = 550BAD101921F55B001F393D /* IDPBlock.m */; };
		550BAD9C1921F55C001F393D /* IDPBufferArray.m in Sources */ = {isa = PBXBuildFile; fileRef = 550BAD131921F55B001F393D /* IDPBufferArray.m */; };
		550BAD9D1921F55C001F393D /* IDPKeyPathObserver.m in Sources */ = {isa = PBXBuildFile; fileRef = 550BAD171921F55B001F393D /* IDPKeyPathObserver.m */; };
		550BAD9E1921F55C001F393D /* IDPKVOContext.m in Sources */ = {isa = PBXBuildFile; fileRef = 550BAD1A1921F55B001F393D /* IDPKVOContext.m */; };
		550BAD9F1921F55C001F393D /* IDPKVOMutableArray.m in Sources */ = {isa = PBXBuildFile; fileRef = 550BAD1C1921F55B001F393D /* IDPKVOMutableArray.m */; };
		550BADA01921F55C001F393D /* IDPMachTimer.m in Sources */ = {isa = PBXBuildFile; fileRef = 550BAD1F1921F55B001F393D /* IDPMachTimer.m */; };
		550BADA11921F55C001F393D /* IDPModel.m in Sources */ = {isa = PBXBuildFile; fileRef = 550BAD221921F55B001F393D /* IDPModel.m */; };
		550BADA21921F55C001F393D /* IDPSingletonModel.m in Sources */ = {isa = PBXBuildFile; fileRef = 550BAD261921F55B001F393D /* IDPSingletonModel.m */; };
		550BADA31921F55C001F393D /* IDPMutableArray.m in Sources */ = {isa = PBXBuildFile; fileRef = 550BAD291921F55B001F393D /* IDPMutableArray.m */; };
		550BADA41921F55C001F393D /* IDPMutableDictionary.m in Sources */ = {isa = PBXBuildFile; fileRef = 550BAD2C1921F55B001F393D /* IDPMutableDictionary.m */; };
		550BADA51921F55C001F393D /* IDPModelMixin.m in Sources */ = {isa = PBXBuildFile; fileRef = 550BAD2F1921F55B001F393D /* IDPModelMixin.m */; };
		550BADA61921F55C001F393D /* IDPOCContext.m in Sources */ = {isa = PBXBuildFile; fileRef = 550BAD311921F55B001F393D /* IDPOCContext.m */; };
		550BADA71921F55C001F393D /* IDPOCImplementation.m in Sources */ = {isa = PBXBuildFile; fileRef = 550BAD331921F55B001F393D /* IDPOCImplementation.m */; };
		550BADA81921F55C001F393D /* IDPOCStack.m in Sources */ = {isa = PBXBuildFile; fileRef = 550BAD351921F55B001F393D /* IDPOCStack.m */; };
		550BADA91921F55C001F393D /* NSObject+IDPOCExtensions.m in Sources */ = {isa = PBXBuildFile; fileRef = 550BAD371921F55B001F393D /* NSObject+IDPOCExtensions.m */; };
		550BADAA1921F55C001F393D /* NSObject+IDPOCExtensionsPrivate.m in Sources */ = {isa = PBXBuildFile; fileRef = 550BAD391921F55C001F393D /* NSObject+IDPOCExtensionsPrivate.m */; };
		550BADAB1921F55C001F393D /* IDPObservableObject.m in Sources */ = {isa = PBXBuildFile; fileRef = 550BAD3C1921F55C001F393D /* IDPObservableObject.m */; };
		550BADAC1921F55C001F393D /* IDPReference.m in Sources */ = {isa = PBXBuildFile; fileRef = 550BAD3F1921F55C001F393D /* IDPReference.m */; };
		550BADAD1921F55C001F393D /* IDPRetainingReference.m in Sources */ = {isa = PBXBuildFile; fileRef = 550BAD411921F55C001F393D /* IDPRetainingReference.m */; };
		550BADAE1921F55C001F393D /* IDPWeakReference.m in Sources */ = {isa = PBXBuildFile; fileRef = 550BAD431921F55C001F393D /* IDPWeakReference.m */; };
		550BADAF1921F55C001F393D /* IDPRetainingDictionary.m in Sources */ = {isa = PBXBuildFile; fileRef = 550BAD461921F55C001F393D /* IDPRetainingDictionary.m */; };
		550BADB01921F55C001F393D /* IDPStackArray.m in Sources */ = {isa = PBXBuildFile; fileRef = 550BAD491921F55C001F393D /* IDPStackArray.m */; };
		550BADB11921F55C001F393D /* IDPURLConnection.m in Sources */ = {isa = PBXBuildFile; fileRef = 550BAD4C1921F55C001F393D /* IDPURLConnection.m */; };
		550BADB21921F55C001F393D /* IDPURLRequest.m in Sources */ = {isa = PBXBuildFile; fileRef = 550BAD4F1921F55C001F393D /* IDPURLRequest.m */; };
		550BADB31921F55C001F393D /* IDPWeakArray.m in Sources */ = {isa = PBXBuildFile; fileRef = 550BAD521921F55C001F393D /* IDPWeakArray.m */; };
		550BADB41921F55C001F393D /* .gitignore in Resources */ = {isa = PBXBuildFile; fileRef = 550BAD541921F55C001F393D /* .gitignore */; };
		550BADB51921F55C001F393D /* LICENSE in Resources */ = {isa = PBXBuildFile; fileRef = 550BAD551921F55C001F393D /* LICENSE */; };
		550BADB61921F55C001F393D /* README.md in Resources */ = {isa = PBXBuildFile; fileRef = 550BAD561921F55C001F393D /* README.md */; };
		550BADB71921F55C001F393D /* CALayer+RoundedCorners.m in Sources */ = {isa = PBXBuildFile; fileRef = 550BAD591921F55C001F393D /* CALayer+RoundedCorners.m */; };
		550BADB81921F55C001F393D /* .gitignore in Resources */ = {isa = PBXBuildFile; fileRef = 550BAD5C1921F55C001F393D /* .gitignore */; };
		550BADB91921F55C001F393D /* LICENSE in Resources */ = {isa = PBXBuildFile; fileRef = 550BAD5D1921F55C001F393D /* LICENSE */; };
		550BADBA1921F55C001F393D /* README.md in Resources */ = {isa = PBXBuildFile; fileRef = 550BAD5E1921F55C001F393D /* README.md */; };
		550BADBB1921F55C001F393D /* IDPNetworkReachability.m in Sources */ = {isa = PBXBuildFile; fileRef = 550BAD611921F55C001F393D /* IDPNetworkReachability.m */; };
		550BADBC1921F55C001F393D /* .gitignore in Resources */ = {isa = PBXBuildFile; fileRef = 550BAD641921F55C001F393D /* .gitignore */; };
		550BADBD1921F55C001F393D /* LICENSE in Resources */ = {isa = PBXBuildFile; fileRef = 550BAD651921F55C001F393D /* LICENSE */; };
		550BADBE1921F55C001F393D /* README.md in Resources */ = {isa = PBXBuildFile; fileRef = 550BAD661921F55C001F393D /* README.md */; };
		550BADBF1921F55C001F393D /* IDPLoadingView.m in Sources */ = {isa = PBXBuildFile; fileRef = 550BAD691921F55C001F393D /* IDPLoadingView.m */; };
		550BADC01921F55C001F393D /* IDPShareObject.m in Sources */ = {isa = PBXBuildFile; fileRef = 550BAD6B1921F55C001F393D /* IDPShareObject.m */; };
		550BADC11921F55C001F393D /* UIAlertView+IDPExtensions.m in Sources */ = {isa = PBXBuildFile; fileRef = 550BAD6E1921F55C001F393D /* UIAlertView+IDPExtensions.m */; };
		550BADC21921F55C001F393D /* UIColor+IDPExtensions.m in Sources */ = {isa = PBXBuildFile; fileRef = 550BAD701921F55C001F393D /* UIColor+IDPExtensions.m */; };
		550BADC31921F55C001F393D /* UIEvent+IDPExtensions.m in Sources */ = {isa = PBXBuildFile; fileRef = 550BAD721921F55C001F393D /* UIEvent+IDPExtensions.m */; };
		550BADC41921F55C001F393D /* UIImage+IDPExtensions.m in Sources */ = {isa = PBXBuildFile; fileRef = 550BAD741921F55C001F393D /* UIImage+IDPExtensions.m */; };
		550BADC51921F55C001F393D /* UINib+IDPExtensions.m in Sources */ = {isa = PBXBuildFile; fileRef = 550BAD761921F55C001F393D /* UINib+IDPExtensions.m */; };
		550BADC61921F55C001F393D /* UIStoryboard+IDPExtensions.m in Sources */ = {isa = PBXBuildFile; fileRef = 550BAD781921F55C001F393D /* UIStoryboard+IDPExtensions.m */; };
		550BADC71921F55C001F393D /* UITableView+IDPCellLoading.m in Sources */ = {isa = PBXBuildFile; fileRef = 550BAD7A1921F55C001F393D /* UITableView+IDPCellLoading.m */; };
		550BADC81921F55C001F393D /* UIView+IDPExtensions.m in Sources */ = {isa = PBXBuildFile; fileRef = 550BAD7C1921F55C001F393D /* UIView+IDPExtensions.m */; };
		550BADC91921F55C001F393D /* UIViewController+IDPExtensions.m in Sources */ = {isa = PBXBuildFile; fileRef = 550BAD7E1921F55C001F393D /* UIViewController+IDPExtensions.m */; };
		550BADCA1921F55C001F393D /* UIViewController+IDPInitialization.m in Sources */ = {isa = PBXBuildFile; fileRef = 550BAD801921F55C001F393D /* UIViewController+IDPInitialization.m */; };
		550BADDA192207E5001F393D /* CKCalendarView.m in Sources */ = {isa = PBXBuildFile; fileRef = 550BADD3192207E5001F393D /* CKCalendarView.m */; };
		550BADDB192207E5001F393D /* README.md in Resources */ = {isa = PBXBuildFile; fileRef = 550BADD4192207E5001F393D /* README.md */; };
		550BADDC192207E5001F393D /* left_arrow.png in Resources */ = {isa = PBXBuildFile; fileRef = 550BADD6192207E5001F393D /* left_arrow.png */; };
		550BADDD192207E5001F393D /* left_arrow@2x.png in Resources */ = {isa = PBXBuildFile; fileRef = 550BADD7192207E5001F393D /* left_arrow@2x.png */; };
		550BADDE192207E5001F393D /* right_arrow.png in Resources */ = {isa = PBXBuildFile; fileRef = 550BADD8192207E5001F393D /* right_arrow.png */; };
		550BADDF192207E5001F393D /* right_arrow@2x.png in Resources */ = {isa = PBXBuildFile; fileRef = 550BADD9192207E5001F393D /* right_arrow@2x.png */; };
		550BADE419220EE2001F393D /* TSCalendarViewController.m in Sources */ = {isa = PBXBuildFile; fileRef = 550BADE219220EE2001F393D /* TSCalendarViewController.m */; };
		550BADE519220EE2001F393D /* TSCalendarViewController.xib in Resources */ = {isa = PBXBuildFile; fileRef = 550BADE319220EE2001F393D /* TSCalendarViewController.xib */; };
		550BADE8192210A6001F393D /* TSCalendarView.m in Sources */ = {isa = PBXBuildFile; fileRef = 550BADE7192210A6001F393D /* TSCalendarView.m */; };
		5582D8011924917700A2C921 /* TSFindTasks.m in Sources */ = {isa = PBXBuildFile; fileRef = 5582D8001924917700A2C921 /* TSFindTasks.m */; };
		5582D8041924931A00A2C921 /* TSTaskRule.m in Sources */ = {isa = PBXBuildFile; fileRef = 5582D8031924931A00A2C921 /* TSTaskRule.m */; };
		5582D8071924933000A2C921 /* TSRuleOnceDay.m in Sources */ = {isa = PBXBuildFile; fileRef = 5582D8061924933000A2C921 /* TSRuleOnceDay.m */; };
		5582D80A1924934300A2C921 /* TSRuleOnceWeek.m in Sources */ = {isa = PBXBuildFile; fileRef = 5582D8091924934300A2C921 /* TSRuleOnceWeek.m */; };
		5582D80D192493D100A2C921 /* TSRuleOnceMonth.m in Sources */ = {isa = PBXBuildFile; fileRef = 5582D80C192493D100A2C921 /* TSRuleOnceMonth.m */; };
		5582D810192493EB00A2C921 /* TSRuleOnceYear.m in Sources */ = {isa = PBXBuildFile; fileRef = 5582D80F192493EB00A2C921 /* TSRuleOnceYear.m */; };
/* End PBXBuildFile section */

/* Begin PBXContainerItemProxy section */
		550BACB71921EFB7001F393D /* PBXContainerItemProxy */ = {
			isa = PBXContainerItemProxy;
			containerPortal = 550BAC891921EFB7001F393D /* Project object */;
			proxyType = 1;
			remoteGlobalIDString = 550BAC901921EFB7001F393D;
			remoteInfo = TaskScheduler;
		};
/* End PBXContainerItemProxy section */

/* Begin PBXFileReference section */
		55011B761923608B00D0B7A3 /* TSTask.h */ = {isa = PBXFileReference; fileEncoding = 4; lastKnownFileType = sourcecode.c.h; path = TSTask.h; sourceTree = "<group>"; };
		55011B771923608B00D0B7A3 /* TSTask.m */ = {isa = PBXFileReference; fileEncoding = 4; lastKnownFileType = sourcecode.c.objc; path = TSTask.m; sourceTree = "<group>"; };
		55011B791923608C00D0B7A3 /* TSRuleType.h */ = {isa = PBXFileReference; fileEncoding = 4; lastKnownFileType = sourcecode.c.h; path = TSRuleType.h; sourceTree = "<group>"; };
		55011B7A1923608C00D0B7A3 /* TSRuleType.m */ = {isa = PBXFileReference; fileEncoding = 4; lastKnownFileType = sourcecode.c.objc; path = TSRuleType.m; sourceTree = "<group>"; };
		550BAC911921EFB7001F393D /* TaskScheduler.app */ = {isa = PBXFileReference; explicitFileType = wrapper.application; includeInIndex = 0; path = TaskScheduler.app; sourceTree = BUILT_PRODUCTS_DIR; };
		550BAC941921EFB7001F393D /* Foundation.framework */ = {isa = PBXFileReference; lastKnownFileType = wrapper.framework; name = Foundation.framework; path = System/Library/Frameworks/Foundation.framework; sourceTree = SDKROOT; };
		550BAC961921EFB7001F393D /* CoreGraphics.framework */ = {isa = PBXFileReference; lastKnownFileType = wrapper.framework; name = CoreGraphics.framework; path = System/Library/Frameworks/CoreGraphics.framework; sourceTree = SDKROOT; };
		550BAC981921EFB7001F393D /* UIKit.framework */ = {isa = PBXFileReference; lastKnownFileType = wrapper.framework; name = UIKit.framework; path = System/Library/Frameworks/UIKit.framework; sourceTree = SDKROOT; };
		550BAC9A1921EFB7001F393D /* CoreData.framework */ = {isa = PBXFileReference; lastKnownFileType = wrapper.framework; name = CoreData.framework; path = System/Library/Frameworks/CoreData.framework; sourceTree = SDKROOT; };
		550BAC9E1921EFB7001F393D /* TaskScheduler-Info.plist */ = {isa = PBXFileReference; lastKnownFileType = text.plist.xml; path = "TaskScheduler-Info.plist"; sourceTree = "<group>"; };
		550BACA01921EFB7001F393D /* en */ = {isa = PBXFileReference; lastKnownFileType = text.plist.strings; name = en; path = en.lproj/InfoPlist.strings; sourceTree = "<group>"; };
		550BACA21921EFB7001F393D /* main.m */ = {isa = PBXFileReference; lastKnownFileType = sourcecode.c.objc; path = main.m; sourceTree = "<group>"; };
		550BACA41921EFB7001F393D /* TaskScheduler-Prefix.pch */ = {isa = PBXFileReference; lastKnownFileType = sourcecode.c.h; path = "TaskScheduler-Prefix.pch"; sourceTree = "<group>"; };
		550BACA51921EFB7001F393D /* TSAppDelegate.h */ = {isa = PBXFileReference; lastKnownFileType = sourcecode.c.h; path = TSAppDelegate.h; sourceTree = "<group>"; };
		550BACA61921EFB7001F393D /* TSAppDelegate.m */ = {isa = PBXFileReference; lastKnownFileType = sourcecode.c.objc; path = TSAppDelegate.m; sourceTree = "<group>"; };
		550BACA91921EFB7001F393D /* TaskScheduler.xcdatamodel */ = {isa = PBXFileReference; lastKnownFileType = wrapper.xcdatamodel; path = TaskScheduler.xcdatamodel; sourceTree = "<group>"; };
		550BACAB1921EFB7001F393D /* Images.xcassets */ = {isa = PBXFileReference; lastKnownFileType = folder.assetcatalog; path = Images.xcassets; sourceTree = "<group>"; };
		550BACB11921EFB7001F393D /* TaskSchedulerTests.xctest */ = {isa = PBXFileReference; explicitFileType = wrapper.cfbundle; includeInIndex = 0; path = TaskSchedulerTests.xctest; sourceTree = BUILT_PRODUCTS_DIR; };
		550BACB21921EFB7001F393D /* XCTest.framework */ = {isa = PBXFileReference; lastKnownFileType = wrapper.framework; name = XCTest.framework; path = Library/Frameworks/XCTest.framework; sourceTree = DEVELOPER_DIR; };
		550BACBB1921EFB7001F393D /* TaskSchedulerTests-Info.plist */ = {isa = PBXFileReference; lastKnownFileType = text.plist.xml; path = "TaskSchedulerTests-Info.plist"; sourceTree = "<group>"; };
		550BACBD1921EFB7001F393D /* en */ = {isa = PBXFileReference; lastKnownFileType = text.plist.strings; name = en; path = en.lproj/InfoPlist.strings; sourceTree = "<group>"; };
		550BACBF1921EFB7001F393D /* TaskSchedulerTests.m */ = {isa = PBXFileReference; lastKnownFileType = sourcecode.c.objc; path = TaskSchedulerTests.m; sourceTree = "<group>"; };
		550BACC91921EFF5001F393D /* .gitignore */ = {isa = PBXFileReference; fileEncoding = 4; lastKnownFileType = text; path = .gitignore; sourceTree = "<group>"; };
		550BACD31921F29A001F393D /* UIWindow+TDExtensions.h */ = {isa = PBXFileReference; fileEncoding = 4; lastKnownFileType = sourcecode.c.h; path = "UIWindow+TDExtensions.h"; sourceTree = "<group>"; };
		550BACD41921F29A001F393D /* UIWindow+TDExtensions.m */ = {isa = PBXFileReference; fileEncoding = 4; lastKnownFileType = sourcecode.c.objc; path = "UIWindow+TDExtensions.m"; sourceTree = "<group>"; };
		550BACDA1921F55B001F393D /* .gitignore */ = {isa = PBXFileReference; fileEncoding = 4; lastKnownFileType = text; path = .gitignore; sourceTree = "<group>"; };
		550BACDB1921F55B001F393D /* .gitmodules */ = {isa = PBXFileReference; fileEncoding = 4; lastKnownFileType = text; path = .gitmodules; sourceTree = "<group>"; };
		550BACDC1921F55B001F393D /* LICENSE */ = {isa = PBXFileReference; fileEncoding = 4; lastKnownFileType = text; path = LICENSE; sourceTree = "<group>"; };
		550BACDD1921F55B001F393D /* README.md */ = {isa = PBXFileReference; fileEncoding = 4; lastKnownFileType = text; path = README.md; sourceTree = "<group>"; };
		550BACDF1921F55B001F393D /* IDPKit.h */ = {isa = PBXFileReference; fileEncoding = 4; lastKnownFileType = sourcecode.c.h; path = IDPKit.h; sourceTree = "<group>"; };
		550BACE21921F55B001F393D /* .gitignore */ = {isa = PBXFileReference; fileEncoding = 4; lastKnownFileType = text; path = .gitignore; sourceTree = "<group>"; };
		550BACE31921F55B001F393D /* LICENSE */ = {isa = PBXFileReference; fileEncoding = 4; lastKnownFileType = text; path = LICENSE; sourceTree = "<group>"; };
		550BACE41921F55B001F393D /* README.md */ = {isa = PBXFileReference; fileEncoding = 4; lastKnownFileType = text; path = README.md; sourceTree = "<group>"; };
		550BACE61921F55B001F393D /* IDPActiveRecordKit.h */ = {isa = PBXFileReference; fileEncoding = 4; lastKnownFileType = sourcecode.c.h; path = IDPActiveRecordKit.h; sourceTree = "<group>"; };
		550BACE71921F55B001F393D /* IDPCoreDataManager.h */ = {isa = PBXFileReference; fileEncoding = 4; lastKnownFileType = sourcecode.c.h; path = IDPCoreDataManager.h; sourceTree = "<group>"; };
		550BACE81921F55B001F393D /* IDPCoreDataManager.m */ = {isa = PBXFileReference; fileEncoding = 4; lastKnownFileType = sourcecode.c.objc; path = IDPCoreDataManager.m; sourceTree = "<group>"; };
		550BACE91921F55B001F393D /* NSManagedObject+IDPExtensions.h */ = {isa = PBXFileReference; fileEncoding = 4; lastKnownFileType = sourcecode.c.h; path = "NSManagedObject+IDPExtensions.h"; sourceTree = "<group>"; };
		550BACEA1921F55B001F393D /* NSManagedObject+IDPExtensions.m */ = {isa = PBXFileReference; fileEncoding = 4; lastKnownFileType = sourcecode.c.objc; path = "NSManagedObject+IDPExtensions.m"; sourceTree = "<group>"; };
		550BACEB1921F55B001F393D /* NSManagedObjectContext+IDPExtensions.h */ = {isa = PBXFileReference; fileEncoding = 4; lastKnownFileType = sourcecode.c.h; path = "NSManagedObjectContext+IDPExtensions.h"; sourceTree = "<group>"; };
		550BACEC1921F55B001F393D /* NSManagedObjectContext+IDPExtensions.m */ = {isa = PBXFileReference; fileEncoding = 4; lastKnownFileType = sourcecode.c.objc; path = "NSManagedObjectContext+IDPExtensions.m"; sourceTree = "<group>"; };
		550BACED1921F55B001F393D /* NSManagedObjectID+IDPExtensions.h */ = {isa = PBXFileReference; fileEncoding = 4; lastKnownFileType = sourcecode.c.h; path = "NSManagedObjectID+IDPExtensions.h"; sourceTree = "<group>"; };
		550BACEE1921F55B001F393D /* NSManagedObjectID+IDPExtensions.m */ = {isa = PBXFileReference; fileEncoding = 4; lastKnownFileType = sourcecode.c.objc; path = "NSManagedObjectID+IDPExtensions.m"; sourceTree = "<group>"; };
		550BACF01921F55B001F393D /* .gitignore */ = {isa = PBXFileReference; fileEncoding = 4; lastKnownFileType = text; path = .gitignore; sourceTree = "<group>"; };
		550BACF11921F55B001F393D /* LICENSE */ = {isa = PBXFileReference; fileEncoding = 4; lastKnownFileType = text; path = LICENSE; sourceTree = "<group>"; };
		550BACF21921F55B001F393D /* README.md */ = {isa = PBXFileReference; fileEncoding = 4; lastKnownFileType = text; path = README.md; sourceTree = "<group>"; };
		550BACF41921F55B001F393D /* CGGeometry+IDPExtensions.h */ = {isa = PBXFileReference; fileEncoding = 4; lastKnownFileType = sourcecode.c.h; path = "CGGeometry+IDPExtensions.h"; sourceTree = "<group>"; };
		550BACF51921F55B001F393D /* CGGeometry+IDPExtensions.m */ = {isa = PBXFileReference; fileEncoding = 4; lastKnownFileType = sourcecode.c.objc; path = "CGGeometry+IDPExtensions.m"; sourceTree = "<group>"; };
		550BACF61921F55B001F393D /* IDPCommonKit.h */ = {isa = PBXFileReference; fileEncoding = 4; lastKnownFileType = sourcecode.c.h; path = IDPCommonKit.h; sourceTree = "<group>"; };
		550BACF71921F55B001F393D /* IDPMath.h */ = {isa = PBXFileReference; fileEncoding = 4; lastKnownFileType = sourcecode.c.h; path = IDPMath.h; sourceTree = "<group>"; };
		550BACF81921F55B001F393D /* IDPMath.m */ = {isa = PBXFileReference; fileEncoding = 4; lastKnownFileType = sourcecode.c.objc; path = IDPMath.m; sourceTree = "<group>"; };
		550BACF91921F55B001F393D /* IDPPropertyMacros.h */ = {isa = PBXFileReference; fileEncoding = 4; lastKnownFileType = sourcecode.c.h; path = IDPPropertyMacros.h; sourceTree = "<group>"; };
		550BACFA1921F55B001F393D /* IDPSerialization.h */ = {isa = PBXFileReference; fileEncoding = 4; lastKnownFileType = sourcecode.c.h; path = IDPSerialization.h; sourceTree = "<group>"; };
		550BACFB1921F55B001F393D /* NSArray+IDPExtensions.h */ = {isa = PBXFileReference; fileEncoding = 4; lastKnownFileType = sourcecode.c.h; path = "NSArray+IDPExtensions.h"; sourceTree = "<group>"; };
		550BACFC1921F55B001F393D /* NSArray+IDPExtensions.m */ = {isa = PBXFileReference; fileEncoding = 4; lastKnownFileType = sourcecode.c.objc; path = "NSArray+IDPExtensions.m"; sourceTree = "<group>"; };
		550BACFD1921F55B001F393D /* NSBundle+IDPExtensions.h */ = {isa = PBXFileReference; fileEncoding = 4; lastKnownFileType = sourcecode.c.h; path = "NSBundle+IDPExtensions.h"; sourceTree = "<group>"; };
		550BACFE1921F55B001F393D /* NSBundle+IDPExtensions.m */ = {isa = PBXFileReference; fileEncoding = 4; lastKnownFileType = sourcecode.c.objc; path = "NSBundle+IDPExtensions.m"; sourceTree = "<group>"; };
		550BACFF1921F55B001F393D /* NSDate+IDPExtensions.h */ = {isa = PBXFileReference; fileEncoding = 4; lastKnownFileType = sourcecode.c.h; path = "NSDate+IDPExtensions.h"; sourceTree = "<group>"; };
		550BAD001921F55B001F393D /* NSDate+IDPExtensions.m */ = {isa = PBXFileReference; fileEncoding = 4; lastKnownFileType = sourcecode.c.objc; path = "NSDate+IDPExtensions.m"; sourceTree = "<group>"; };
		550BAD011921F55B001F393D /* NSDateComponents+IDPExtinsions.h */ = {isa = PBXFileReference; fileEncoding = 4; lastKnownFileType = sourcecode.c.h; path = "NSDateComponents+IDPExtinsions.h"; sourceTree = "<group>"; };
		550BAD021921F55B001F393D /* NSDateComponents+IDPExtinsions.m */ = {isa = PBXFileReference; fileEncoding = 4; lastKnownFileType = sourcecode.c.objc; path = "NSDateComponents+IDPExtinsions.m"; sourceTree = "<group>"; };
		550BAD031921F55B001F393D /* NSFileManager+IDPExtensions.h */ = {isa = PBXFileReference; fileEncoding = 4; lastKnownFileType = sourcecode.c.h; path = "NSFileManager+IDPExtensions.h"; sourceTree = "<group>"; };
		550BAD041921F55B001F393D /* NSFileManager+IDPExtensions.m */ = {isa = PBXFileReference; fileEncoding = 4; lastKnownFileType = sourcecode.c.objc; path = "NSFileManager+IDPExtensions.m"; sourceTree = "<group>"; };
		550BAD051921F55B001F393D /* NSObject+IDPExtensions.h */ = {isa = PBXFileReference; fileEncoding = 4; lastKnownFileType = sourcecode.c.h; path = "NSObject+IDPExtensions.h"; sourceTree = "<group>"; };
		550BAD061921F55B001F393D /* NSObject+IDPExtensions.m */ = {isa = PBXFileReference; fileEncoding = 4; lastKnownFileType = sourcecode.c.objc; path = "NSObject+IDPExtensions.m"; sourceTree = "<group>"; };
		550BAD071921F55B001F393D /* NSString+IDPExtensions.h */ = {isa = PBXFileReference; fileEncoding = 4; lastKnownFileType = sourcecode.c.h; path = "NSString+IDPExtensions.h"; sourceTree = "<group>"; };
		550BAD081921F55B001F393D /* NSString+IDPExtensions.m */ = {isa = PBXFileReference; fileEncoding = 4; lastKnownFileType = sourcecode.c.objc; path = "NSString+IDPExtensions.m"; sourceTree = "<group>"; };
		550BAD0A1921F55B001F393D /* .gitignore */ = {isa = PBXFileReference; fileEncoding = 4; lastKnownFileType = text; path = .gitignore; sourceTree = "<group>"; };
		550BAD0B1921F55B001F393D /* LICENSE */ = {isa = PBXFileReference; fileEncoding = 4; lastKnownFileType = text; path = LICENSE; sourceTree = "<group>"; };
		550BAD0C1921F55B001F393D /* README.md */ = {isa = PBXFileReference; fileEncoding = 4; lastKnownFileType = text; path = README.md; sourceTree = "<group>"; };
		550BAD0F1921F55B001F393D /* IDPBlock.h */ = {isa = PBXFileReference; fileEncoding = 4; lastKnownFileType = sourcecode.c.h; path = IDPBlock.h; sourceTree = "<group>"; };
		550BAD101921F55B001F393D /* IDPBlock.m */ = {isa = PBXFileReference; fileEncoding = 4; lastKnownFileType = sourcecode.c.objc; path = IDPBlock.m; sourceTree = "<group>"; };
		550BAD121921F55B001F393D /* IDPBufferArray.h */ = {isa = PBXFileReference; fileEncoding = 4; lastKnownFileType = sourcecode.c.h; path = IDPBufferArray.h; sourceTree = "<group>"; };
		550BAD131921F55B001F393D /* IDPBufferArray.m */ = {isa = PBXFileReference; fileEncoding = 4; lastKnownFileType = sourcecode.c.objc; path = IDPBufferArray.m; sourceTree = "<group>"; };
		550BAD141921F55B001F393D /* IDPDataKit.h */ = {isa = PBXFileReference; fileEncoding = 4; lastKnownFileType = sourcecode.c.h; path = IDPDataKit.h; sourceTree = "<group>"; };
		550BAD161921F55B001F393D /* IDPKeyPathObserver.h */ = {isa = PBXFileReference; fileEncoding = 4; lastKnownFileType = sourcecode.c.h; path = IDPKeyPathObserver.h; sourceTree = "<group>"; };
		550BAD171921F55B001F393D /* IDPKeyPathObserver.m */ = {isa = PBXFileReference; fileEncoding = 4; lastKnownFileType = sourcecode.c.objc; path = IDPKeyPathObserver.m; sourceTree = "<group>"; };
		550BAD191921F55B001F393D /* IDPKVOContext.h */ = {isa = PBXFileReference; fileEncoding = 4; lastKnownFileType = sourcecode.c.h; path = IDPKVOContext.h; sourceTree = "<group>"; };
		550BAD1A1921F55B001F393D /* IDPKVOContext.m */ = {isa = PBXFileReference; fileEncoding = 4; lastKnownFileType = sourcecode.c.objc; path = IDPKVOContext.m; sourceTree = "<group>"; };
		550BAD1B1921F55B001F393D /* IDPKVOMutableArray.h */ = {isa = PBXFileReference; fileEncoding = 4; lastKnownFileType = sourcecode.c.h; path = IDPKVOMutableArray.h; sourceTree = "<group>"; };
		550BAD1C1921F55B001F393D /* IDPKVOMutableArray.m */ = {isa = PBXFileReference; fileEncoding = 4; lastKnownFileType = sourcecode.c.objc; path = IDPKVOMutableArray.m; sourceTree = "<group>"; };
		550BAD1E1921F55B001F393D /* IDPMachTimer.h */ = {isa = PBXFileReference; fileEncoding = 4; lastKnownFileType = sourcecode.c.h; path = IDPMachTimer.h; sourceTree = "<group>"; };
		550BAD1F1921F55B001F393D /* IDPMachTimer.m */ = {isa = PBXFileReference; fileEncoding = 4; lastKnownFileType = sourcecode.c.objc; path = IDPMachTimer.m; sourceTree = "<group>"; };
		550BAD211921F55B001F393D /* IDPModel.h */ = {isa = PBXFileReference; fileEncoding = 4; lastKnownFileType = sourcecode.c.h; path = IDPModel.h; sourceTree = "<group>"; };
		550BAD221921F55B001F393D /* IDPModel.m */ = {isa = PBXFileReference; fileEncoding = 4; lastKnownFileType = sourcecode.c.objc; path = IDPModel.m; sourceTree = "<group>"; };
		550BAD231921F55B001F393D /* IDPModelObserver.h */ = {isa = PBXFileReference; fileEncoding = 4; lastKnownFileType = sourcecode.c.h; path = IDPModelObserver.h; sourceTree = "<group>"; };
		550BAD241921F55B001F393D /* IDPModelProtocol.h */ = {isa = PBXFileReference; fileEncoding = 4; lastKnownFileType = sourcecode.c.h; path = IDPModelProtocol.h; sourceTree = "<group>"; };
		550BAD251921F55B001F393D /* IDPSingletonModel.h */ = {isa = PBXFileReference; fileEncoding = 4; lastKnownFileType = sourcecode.c.h; path = IDPSingletonModel.h; sourceTree = "<group>"; };
		550BAD261921F55B001F393D /* IDPSingletonModel.m */ = {isa = PBXFileReference; fileEncoding = 4; lastKnownFileType = sourcecode.c.objc; path = IDPSingletonModel.m; sourceTree = "<group>"; };
		550BAD281921F55B001F393D /* IDPMutableArray.h */ = {isa = PBXFileReference; fileEncoding = 4; lastKnownFileType = sourcecode.c.h; path = IDPMutableArray.h; sourceTree = "<group>"; };
		550BAD291921F55B001F393D /* IDPMutableArray.m */ = {isa = PBXFileReference; fileEncoding = 4; lastKnownFileType = sourcecode.c.objc; path = IDPMutableArray.m; sourceTree = "<group>"; };
		550BAD2B1921F55B001F393D /* IDPMutableDictionary.h */ = {isa = PBXFileReference; fileEncoding = 4; lastKnownFileType = sourcecode.c.h; path = IDPMutableDictionary.h; sourceTree = "<group>"; };
		550BAD2C1921F55B001F393D /* IDPMutableDictionary.m */ = {isa = PBXFileReference; fileEncoding = 4; lastKnownFileType = sourcecode.c.objc; path = IDPMutableDictionary.m; sourceTree = "<group>"; };
		550BAD2E1921F55B001F393D /* IDPModelMixin.h */ = {isa = PBXFileReference; fileEncoding = 4; lastKnownFileType = sourcecode.c.h; path = IDPModelMixin.h; sourceTree = "<group>"; };
		550BAD2F1921F55B001F393D /* IDPModelMixin.m */ = {isa = PBXFileReference; fileEncoding = 4; lastKnownFileType = sourcecode.c.objc; path = IDPModelMixin.m; sourceTree = "<group>"; };
		550BAD301921F55B001F393D /* IDPOCContext.h */ = {isa = PBXFileReference; fileEncoding = 4; lastKnownFileType = sourcecode.c.h; path = IDPOCContext.h; sourceTree = "<group>"; };
		550BAD311921F55B001F393D /* IDPOCContext.m */ = {isa = PBXFileReference; fileEncoding = 4; lastKnownFileType = sourcecode.c.objc; path = IDPOCContext.m; sourceTree = "<group>"; };
		550BAD321921F55B001F393D /* IDPOCImplementation.h */ = {isa = PBXFileReference; fileEncoding = 4; lastKnownFileType = sourcecode.c.h; path = IDPOCImplementation.h; sourceTree = "<group>"; };
		550BAD331921F55B001F393D /* IDPOCImplementation.m */ = {isa = PBXFileReference; fileEncoding = 4; lastKnownFileType = sourcecode.c.objc; path = IDPOCImplementation.m; sourceTree = "<group>"; };
		550BAD341921F55B001F393D /* IDPOCStack.h */ = {isa = PBXFileReference; fileEncoding = 4; lastKnownFileType = sourcecode.c.h; path = IDPOCStack.h; sourceTree = "<group>"; };
		550BAD351921F55B001F393D /* IDPOCStack.m */ = {isa = PBXFileReference; fileEncoding = 4; lastKnownFileType = sourcecode.c.objc; path = IDPOCStack.m; sourceTree = "<group>"; };
		550BAD361921F55B001F393D /* NSObject+IDPOCExtensions.h */ = {isa = PBXFileReference; fileEncoding = 4; lastKnownFileType = sourcecode.c.h; path = "NSObject+IDPOCExtensions.h"; sourceTree = "<group>"; };
		550BAD371921F55B001F393D /* NSObject+IDPOCExtensions.m */ = {isa = PBXFileReference; fileEncoding = 4; lastKnownFileType = sourcecode.c.objc; path = "NSObject+IDPOCExtensions.m"; sourceTree = "<group>"; };
		550BAD381921F55C001F393D /* NSObject+IDPOCExtensionsPrivate.h */ = {isa = PBXFileReference; fileEncoding = 4; lastKnownFileType = sourcecode.c.h; path = "NSObject+IDPOCExtensionsPrivate.h"; sourceTree = "<group>"; };
		550BAD391921F55C001F393D /* NSObject+IDPOCExtensionsPrivate.m */ = {isa = PBXFileReference; fileEncoding = 4; lastKnownFileType = sourcecode.c.objc; path = "NSObject+IDPOCExtensionsPrivate.m"; sourceTree = "<group>"; };
		550BAD3B1921F55C001F393D /* IDPObservableObject.h */ = {isa = PBXFileReference; fileEncoding = 4; lastKnownFileType = sourcecode.c.h; path = IDPObservableObject.h; sourceTree = "<group>"; };
		550BAD3C1921F55C001F393D /* IDPObservableObject.m */ = {isa = PBXFileReference; fileEncoding = 4; lastKnownFileType = sourcecode.c.objc; path = IDPObservableObject.m; sourceTree = "<group>"; };
		550BAD3E1921F55C001F393D /* IDPReference.h */ = {isa = PBXFileReference; fileEncoding = 4; lastKnownFileType = sourcecode.c.h; path = IDPReference.h; sourceTree = "<group>"; };
		550BAD3F1921F55C001F393D /* IDPReference.m */ = {isa = PBXFileReference; fileEncoding = 4; lastKnownFileType = sourcecode.c.objc; path = IDPReference.m; sourceTree = "<group>"; };
		550BAD401921F55C001F393D /* IDPRetainingReference.h */ = {isa = PBXFileReference; fileEncoding = 4; lastKnownFileType = sourcecode.c.h; path = IDPRetainingReference.h; sourceTree = "<group>"; };
		550BAD411921F55C001F393D /* IDPRetainingReference.m */ = {isa = PBXFileReference; fileEncoding = 4; lastKnownFileType = sourcecode.c.objc; path = IDPRetainingReference.m; sourceTree = "<group>"; };
		550BAD421921F55C001F393D /* IDPWeakReference.h */ = {isa = PBXFileReference; fileEncoding = 4; lastKnownFileType = sourcecode.c.h; path = IDPWeakReference.h; sourceTree = "<group>"; };
		550BAD431921F55C001F393D /* IDPWeakReference.m */ = {isa = PBXFileReference; fileEncoding = 4; lastKnownFileType = sourcecode.c.objc; path = IDPWeakReference.m; sourceTree = "<group>"; };
		550BAD451921F55C001F393D /* IDPRetainingDictionary.h */ = {isa = PBXFileReference; fileEncoding = 4; lastKnownFileType = sourcecode.c.h; path = IDPRetainingDictionary.h; sourceTree = "<group>"; };
		550BAD461921F55C001F393D /* IDPRetainingDictionary.m */ = {isa = PBXFileReference; fileEncoding = 4; lastKnownFileType = sourcecode.c.objc; path = IDPRetainingDictionary.m; sourceTree = "<group>"; };
		550BAD481921F55C001F393D /* IDPStackArray.h */ = {isa = PBXFileReference; fileEncoding = 4; lastKnownFileType = sourcecode.c.h; path = IDPStackArray.h; sourceTree = "<group>"; };
		550BAD491921F55C001F393D /* IDPStackArray.m */ = {isa = PBXFileReference; fileEncoding = 4; lastKnownFileType = sourcecode.c.objc; path = IDPStackArray.m; sourceTree = "<group>"; };
		550BAD4B1921F55C001F393D /* IDPURLConnection.h */ = {isa = PBXFileReference; fileEncoding = 4; lastKnownFileType = sourcecode.c.h; path = IDPURLConnection.h; sourceTree = "<group>"; };
		550BAD4C1921F55C001F393D /* IDPURLConnection.m */ = {isa = PBXFileReference; fileEncoding = 4; lastKnownFileType = sourcecode.c.objc; path = IDPURLConnection.m; sourceTree = "<group>"; };
		550BAD4E1921F55C001F393D /* IDPURLRequest.h */ = {isa = PBXFileReference; fileEncoding = 4; lastKnownFileType = sourcecode.c.h; path = IDPURLRequest.h; sourceTree = "<group>"; };
		550BAD4F1921F55C001F393D /* IDPURLRequest.m */ = {isa = PBXFileReference; fileEncoding = 4; lastKnownFileType = sourcecode.c.objc; path = IDPURLRequest.m; sourceTree = "<group>"; };
		550BAD511921F55C001F393D /* IDPWeakArray.h */ = {isa = PBXFileReference; fileEncoding = 4; lastKnownFileType = sourcecode.c.h; path = IDPWeakArray.h; sourceTree = "<group>"; };
		550BAD521921F55C001F393D /* IDPWeakArray.m */ = {isa = PBXFileReference; fileEncoding = 4; lastKnownFileType = sourcecode.c.objc; path = IDPWeakArray.m; sourceTree = "<group>"; };
		550BAD541921F55C001F393D /* .gitignore */ = {isa = PBXFileReference; fileEncoding = 4; lastKnownFileType = text; path = .gitignore; sourceTree = "<group>"; };
		550BAD551921F55C001F393D /* LICENSE */ = {isa = PBXFileReference; fileEncoding = 4; lastKnownFileType = text; path = LICENSE; sourceTree = "<group>"; };
		550BAD561921F55C001F393D /* README.md */ = {isa = PBXFileReference; fileEncoding = 4; lastKnownFileType = text; path = README.md; sourceTree = "<group>"; };
		550BAD581921F55C001F393D /* CALayer+RoundedCorners.h */ = {isa = PBXFileReference; fileEncoding = 4; lastKnownFileType = sourcecode.c.h; path = "CALayer+RoundedCorners.h"; sourceTree = "<group>"; };
		550BAD591921F55C001F393D /* CALayer+RoundedCorners.m */ = {isa = PBXFileReference; fileEncoding = 4; lastKnownFileType = sourcecode.c.objc; path = "CALayer+RoundedCorners.m"; sourceTree = "<group>"; };
		550BAD5A1921F55C001F393D /* IDPQuartzCoreKit.h */ = {isa = PBXFileReference; fileEncoding = 4; lastKnownFileType = sourcecode.c.h; path = IDPQuartzCoreKit.h; sourceTree = "<group>"; };
		550BAD5C1921F55C001F393D /* .gitignore */ = {isa = PBXFileReference; fileEncoding = 4; lastKnownFileType = text; path = .gitignore; sourceTree = "<group>"; };
		550BAD5D1921F55C001F393D /* LICENSE */ = {isa = PBXFileReference; fileEncoding = 4; lastKnownFileType = text; path = LICENSE; sourceTree = "<group>"; };
		550BAD5E1921F55C001F393D /* README.md */ = {isa = PBXFileReference; fileEncoding = 4; lastKnownFileType = text; path = README.md; sourceTree = "<group>"; };
		550BAD601921F55C001F393D /* IDPNetworkReachability.h */ = {isa = PBXFileReference; fileEncoding = 4; lastKnownFileType = sourcecode.c.h; path = IDPNetworkReachability.h; sourceTree = "<group>"; };
		550BAD611921F55C001F393D /* IDPNetworkReachability.m */ = {isa = PBXFileReference; fileEncoding = 4; lastKnownFileType = sourcecode.c.objc; path = IDPNetworkReachability.m; sourceTree = "<group>"; };
		550BAD621921F55C001F393D /* IDPSystemConfigKit.h */ = {isa = PBXFileReference; fileEncoding = 4; lastKnownFileType = sourcecode.c.h; path = IDPSystemConfigKit.h; sourceTree = "<group>"; };
		550BAD641921F55C001F393D /* .gitignore */ = {isa = PBXFileReference; fileEncoding = 4; lastKnownFileType = text; path = .gitignore; sourceTree = "<group>"; };
		550BAD651921F55C001F393D /* LICENSE */ = {isa = PBXFileReference; fileEncoding = 4; lastKnownFileType = text; path = LICENSE; sourceTree = "<group>"; };
		550BAD661921F55C001F393D /* README.md */ = {isa = PBXFileReference; fileEncoding = 4; lastKnownFileType = text; path = README.md; sourceTree = "<group>"; };
		550BAD681921F55C001F393D /* IDPLoadingView.h */ = {isa = PBXFileReference; fileEncoding = 4; lastKnownFileType = sourcecode.c.h; path = IDPLoadingView.h; sourceTree = "<group>"; };
		550BAD691921F55C001F393D /* IDPLoadingView.m */ = {isa = PBXFileReference; fileEncoding = 4; lastKnownFileType = sourcecode.c.objc; path = IDPLoadingView.m; sourceTree = "<group>"; };
		550BAD6A1921F55C001F393D /* IDPShareObject.h */ = {isa = PBXFileReference; fileEncoding = 4; lastKnownFileType = sourcecode.c.h; path = IDPShareObject.h; sourceTree = "<group>"; };
		550BAD6B1921F55C001F393D /* IDPShareObject.m */ = {isa = PBXFileReference; fileEncoding = 4; lastKnownFileType = sourcecode.c.objc; path = IDPShareObject.m; sourceTree = "<group>"; };
		550BAD6C1921F55C001F393D /* IDPUIKit.h */ = {isa = PBXFileReference; fileEncoding = 4; lastKnownFileType = sourcecode.c.h; path = IDPUIKit.h; sourceTree = "<group>"; };
		550BAD6D1921F55C001F393D /* UIAlertView+IDPExtensions.h */ = {isa = PBXFileReference; fileEncoding = 4; lastKnownFileType = sourcecode.c.h; path = "UIAlertView+IDPExtensions.h"; sourceTree = "<group>"; };
		550BAD6E1921F55C001F393D /* UIAlertView+IDPExtensions.m */ = {isa = PBXFileReference; fileEncoding = 4; lastKnownFileType = sourcecode.c.objc; path = "UIAlertView+IDPExtensions.m"; sourceTree = "<group>"; };
		550BAD6F1921F55C001F393D /* UIColor+IDPExtensions.h */ = {isa = PBXFileReference; fileEncoding = 4; lastKnownFileType = sourcecode.c.h; path = "UIColor+IDPExtensions.h"; sourceTree = "<group>"; };
		550BAD701921F55C001F393D /* UIColor+IDPExtensions.m */ = {isa = PBXFileReference; fileEncoding = 4; lastKnownFileType = sourcecode.c.objc; path = "UIColor+IDPExtensions.m"; sourceTree = "<group>"; };
		550BAD711921F55C001F393D /* UIEvent+IDPExtensions.h */ = {isa = PBXFileReference; fileEncoding = 4; lastKnownFileType = sourcecode.c.h; path = "UIEvent+IDPExtensions.h"; sourceTree = "<group>"; };
		550BAD721921F55C001F393D /* UIEvent+IDPExtensions.m */ = {isa = PBXFileReference; fileEncoding = 4; lastKnownFileType = sourcecode.c.objc; path = "UIEvent+IDPExtensions.m"; sourceTree = "<group>"; };
		550BAD731921F55C001F393D /* UIImage+IDPExtensions.h */ = {isa = PBXFileReference; fileEncoding = 4; lastKnownFileType = sourcecode.c.h; path = "UIImage+IDPExtensions.h"; sourceTree = "<group>"; };
		550BAD741921F55C001F393D /* UIImage+IDPExtensions.m */ = {isa = PBXFileReference; fileEncoding = 4; lastKnownFileType = sourcecode.c.objc; path = "UIImage+IDPExtensions.m"; sourceTree = "<group>"; };
		550BAD751921F55C001F393D /* UINib+IDPExtensions.h */ = {isa = PBXFileReference; fileEncoding = 4; lastKnownFileType = sourcecode.c.h; path = "UINib+IDPExtensions.h"; sourceTree = "<group>"; };
		550BAD761921F55C001F393D /* UINib+IDPExtensions.m */ = {isa = PBXFileReference; fileEncoding = 4; lastKnownFileType = sourcecode.c.objc; path = "UINib+IDPExtensions.m"; sourceTree = "<group>"; };
		550BAD771921F55C001F393D /* UIStoryboard+IDPExtensions.h */ = {isa = PBXFileReference; fileEncoding = 4; lastKnownFileType = sourcecode.c.h; path = "UIStoryboard+IDPExtensions.h"; sourceTree = "<group>"; };
		550BAD781921F55C001F393D /* UIStoryboard+IDPExtensions.m */ = {isa = PBXFileReference; fileEncoding = 4; lastKnownFileType = sourcecode.c.objc; path = "UIStoryboard+IDPExtensions.m"; sourceTree = "<group>"; };
		550BAD791921F55C001F393D /* UITableView+IDPCellLoading.h */ = {isa = PBXFileReference; fileEncoding = 4; lastKnownFileType = sourcecode.c.h; path = "UITableView+IDPCellLoading.h"; sourceTree = "<group>"; };
		550BAD7A1921F55C001F393D /* UITableView+IDPCellLoading.m */ = {isa = PBXFileReference; fileEncoding = 4; lastKnownFileType = sourcecode.c.objc; path = "UITableView+IDPCellLoading.m"; sourceTree = "<group>"; };
		550BAD7B1921F55C001F393D /* UIView+IDPExtensions.h */ = {isa = PBXFileReference; fileEncoding = 4; lastKnownFileType = sourcecode.c.h; path = "UIView+IDPExtensions.h"; sourceTree = "<group>"; };
		550BAD7C1921F55C001F393D /* UIView+IDPExtensions.m */ = {isa = PBXFileReference; fileEncoding = 4; lastKnownFileType = sourcecode.c.objc; path = "UIView+IDPExtensions.m"; sourceTree = "<group>"; };
		550BAD7D1921F55C001F393D /* UIViewController+IDPExtensions.h */ = {isa = PBXFileReference; fileEncoding = 4; lastKnownFileType = sourcecode.c.h; path = "UIViewController+IDPExtensions.h"; sourceTree = "<group>"; };
		550BAD7E1921F55C001F393D /* UIViewController+IDPExtensions.m */ = {isa = PBXFileReference; fileEncoding = 4; lastKnownFileType = sourcecode.c.objc; path = "UIViewController+IDPExtensions.m"; sourceTree = "<group>"; };
		550BAD7F1921F55C001F393D /* UIViewController+IDPInitialization.h */ = {isa = PBXFileReference; fileEncoding = 4; lastKnownFileType = sourcecode.c.h; path = "UIViewController+IDPInitialization.h"; sourceTree = "<group>"; };
		550BAD801921F55C001F393D /* UIViewController+IDPInitialization.m */ = {isa = PBXFileReference; fileEncoding = 4; lastKnownFileType = sourcecode.c.objc; path = "UIViewController+IDPInitialization.m"; sourceTree = "<group>"; };
		550BADD2192207E5001F393D /* CKCalendarView.h */ = {isa = PBXFileReference; fileEncoding = 4; lastKnownFileType = sourcecode.c.h; path = CKCalendarView.h; sourceTree = "<group>"; };
		550BADD3192207E5001F393D /* CKCalendarView.m */ = {isa = PBXFileReference; fileEncoding = 4; lastKnownFileType = sourcecode.c.objc; path = CKCalendarView.m; sourceTree = "<group>"; };
		550BADD4192207E5001F393D /* README.md */ = {isa = PBXFileReference; fileEncoding = 4; lastKnownFileType = text; path = README.md; sourceTree = "<group>"; };
		550BADD6192207E5001F393D /* left_arrow.png */ = {isa = PBXFileReference; lastKnownFileType = image.png; path = left_arrow.png; sourceTree = "<group>"; };
		550BADD7192207E5001F393D /* left_arrow@2x.png */ = {isa = PBXFileReference; lastKnownFileType = image.png; path = "left_arrow@2x.png"; sourceTree = "<group>"; };
		550BADD8192207E5001F393D /* right_arrow.png */ = {isa = PBXFileReference; lastKnownFileType = image.png; path = right_arrow.png; sourceTree = "<group>"; };
		550BADD9192207E5001F393D /* right_arrow@2x.png */ = {isa = PBXFileReference; lastKnownFileType = image.png; path = "right_arrow@2x.png"; sourceTree = "<group>"; };
		550BADE119220EE2001F393D /* TSCalendarViewController.h */ = {isa = PBXFileReference; fileEncoding = 4; lastKnownFileType = sourcecode.c.h; path = TSCalendarViewController.h; sourceTree = "<group>"; };
		550BADE219220EE2001F393D /* TSCalendarViewController.m */ = {isa = PBXFileReference; fileEncoding = 4; lastKnownFileType = sourcecode.c.objc; path = TSCalendarViewController.m; sourceTree = "<group>"; };
		550BADE319220EE2001F393D /* TSCalendarViewController.xib */ = {isa = PBXFileReference; fileEncoding = 4; lastKnownFileType = file.xib; path = TSCalendarViewController.xib; sourceTree = "<group>"; };
		550BADE6192210A6001F393D /* TSCalendarView.h */ = {isa = PBXFileReference; fileEncoding = 4; lastKnownFileType = sourcecode.c.h; path = TSCalendarView.h; sourceTree = "<group>"; };
		550BADE7192210A6001F393D /* TSCalendarView.m */ = {isa = PBXFileReference; fileEncoding = 4; lastKnownFileType = sourcecode.c.objc; path = TSCalendarView.m; sourceTree = "<group>"; };
		5582D7FF1924917700A2C921 /* TSFindTasks.h */ = {isa = PBXFileReference; fileEncoding = 4; lastKnownFileType = sourcecode.c.h; path = TSFindTasks.h; sourceTree = "<group>"; };
		5582D8001924917700A2C921 /* TSFindTasks.m */ = {isa = PBXFileReference; fileEncoding = 4; lastKnownFileType = sourcecode.c.objc; path = TSFindTasks.m; sourceTree = "<group>"; };
		5582D8021924931A00A2C921 /* TSTaskRule.h */ = {isa = PBXFileReference; fileEncoding = 4; lastKnownFileType = sourcecode.c.h; path = TSTaskRule.h; sourceTree = "<group>"; };
		5582D8031924931A00A2C921 /* TSTaskRule.m */ = {isa = PBXFileReference; fileEncoding = 4; lastKnownFileType = sourcecode.c.objc; path = TSTaskRule.m; sourceTree = "<group>"; };
		5582D8051924933000A2C921 /* TSRuleOnceDay.h */ = {isa = PBXFileReference; fileEncoding = 4; lastKnownFileType = sourcecode.c.h; path = TSRuleOnceDay.h; sourceTree = "<group>"; };
		5582D8061924933000A2C921 /* TSRuleOnceDay.m */ = {isa = PBXFileReference; fileEncoding = 4; lastKnownFileType = sourcecode.c.objc; path = TSRuleOnceDay.m; sourceTree = "<group>"; };
		5582D8081924934300A2C921 /* TSRuleOnceWeek.h */ = {isa = PBXFileReference; fileEncoding = 4; lastKnownFileType = sourcecode.c.h; path = TSRuleOnceWeek.h; sourceTree = "<group>"; };
		5582D8091924934300A2C921 /* TSRuleOnceWeek.m */ = {isa = PBXFileReference; fileEncoding = 4; lastKnownFileType = sourcecode.c.objc; path = TSRuleOnceWeek.m; sourceTree = "<group>"; };
		5582D80B192493D100A2C921 /* TSRuleOnceMonth.h */ = {isa = PBXFileReference; fileEncoding = 4; lastKnownFileType = sourcecode.c.h; path = TSRuleOnceMonth.h; sourceTree = "<group>"; };
		5582D80C192493D100A2C921 /* TSRuleOnceMonth.m */ = {isa = PBXFileReference; fileEncoding = 4; lastKnownFileType = sourcecode.c.objc; path = TSRuleOnceMonth.m; sourceTree = "<group>"; };
		5582D80E192493EB00A2C921 /* TSRuleOnceYear.h */ = {isa = PBXFileReference; fileEncoding = 4; lastKnownFileType = sourcecode.c.h; path = TSRuleOnceYear.h; sourceTree = "<group>"; };
		5582D80F192493EB00A2C921 /* TSRuleOnceYear.m */ = {isa = PBXFileReference; fileEncoding = 4; lastKnownFileType = sourcecode.c.objc; path = TSRuleOnceYear.m; sourceTree = "<group>"; };
/* End PBXFileReference section */

/* Begin PBXFrameworksBuildPhase section */
		550BAC8E1921EFB7001F393D /* Frameworks */ = {
			isa = PBXFrameworksBuildPhase;
			buildActionMask = 2147483647;
			files = (
				550BAC971921EFB7001F393D /* CoreGraphics.framework in Frameworks */,
				550BAC9B1921EFB7001F393D /* CoreData.framework in Frameworks */,
				550BAC991921EFB7001F393D /* UIKit.framework in Frameworks */,
				550BAC951921EFB7001F393D /* Foundation.framework in Frameworks */,
			);
			runOnlyForDeploymentPostprocessing = 0;
		};
		550BACAE1921EFB7001F393D /* Frameworks */ = {
			isa = PBXFrameworksBuildPhase;
			buildActionMask = 2147483647;
			files = (
				550BACB31921EFB7001F393D /* XCTest.framework in Frameworks */,
				550BACB61921EFB7001F393D /* CoreData.framework in Frameworks */,
				550BACB51921EFB7001F393D /* UIKit.framework in Frameworks */,
				550BACB41921EFB7001F393D /* Foundation.framework in Frameworks */,
			);
			runOnlyForDeploymentPostprocessing = 0;
		};
/* End PBXFrameworksBuildPhase section */

/* Begin PBXGroup section */
		55011B74192351CE00D0B7A3 /* Models */ = {
			isa = PBXGroup;
			children = (
				550BACA81921EFB7001F393D /* TaskScheduler.xcdatamodeld */,
				55011B791923608C00D0B7A3 /* TSRuleType.h */,
				55011B7A1923608C00D0B7A3 /* TSRuleType.m */,
				55011B761923608B00D0B7A3 /* TSTask.h */,
				55011B771923608B00D0B7A3 /* TSTask.m */,
				55011B7519235B5400D0B7A3 /* Contexts */,
			);
			path = Models;
			sourceTree = "<group>";
		};
		55011B7519235B5400D0B7A3 /* Contexts */ = {
			isa = PBXGroup;
			children = (
				5582D7FF1924917700A2C921 /* TSFindTasks.h */,
				5582D8001924917700A2C921 /* TSFindTasks.m */,
				5582D8021924931A00A2C921 /* TSTaskRule.h */,
				5582D8031924931A00A2C921 /* TSTaskRule.m */,
				5582D8051924933000A2C921 /* TSRuleOnceDay.h */,
				5582D8061924933000A2C921 /* TSRuleOnceDay.m */,
				5582D8081924934300A2C921 /* TSRuleOnceWeek.h */,
				5582D8091924934300A2C921 /* TSRuleOnceWeek.m */,
				5582D80B192493D100A2C921 /* TSRuleOnceMonth.h */,
				5582D80C192493D100A2C921 /* TSRuleOnceMonth.m */,
				5582D80E192493EB00A2C921 /* TSRuleOnceYear.h */,
				5582D80F192493EB00A2C921 /* TSRuleOnceYear.m */,
			);
			path = Contexts;
			sourceTree = "<group>";
		};
		550BAC881921EFB7001F393D = {
			isa = PBXGroup;
			children = (
				550BACC91921EFF5001F393D /* .gitignore */,
				550BAC9C1921EFB7001F393D /* TaskScheduler */,
				550BACB91921EFB7001F393D /* TaskSchedulerTests */,
				550BAC931921EFB7001F393D /* Frameworks */,
				550BAC921921EFB7001F393D /* Products */,
			);
			sourceTree = "<group>";
		};
		550BAC921921EFB7001F393D /* Products */ = {
			isa = PBXGroup;
			children = (
				550BAC911921EFB7001F393D /* TaskScheduler.app */,
				550BACB11921EFB7001F393D /* TaskSchedulerTests.xctest */,
			);
			name = Products;
			sourceTree = "<group>";
		};
		550BAC931921EFB7001F393D /* Frameworks */ = {
			isa = PBXGroup;
			children = (
				550BAC941921EFB7001F393D /* Foundation.framework */,
				550BAC961921EFB7001F393D /* CoreGraphics.framework */,
				550BAC981921EFB7001F393D /* UIKit.framework */,
				550BAC9A1921EFB7001F393D /* CoreData.framework */,
				550BACB21921EFB7001F393D /* XCTest.framework */,
			);
			name = Frameworks;
			sourceTree = "<group>";
		};
		550BAC9C1921EFB7001F393D /* TaskScheduler */ = {
			isa = PBXGroup;
			children = (
				550BADD1192207E5001F393D /* CKCalendar */,
				550BACD91921F55B001F393D /* IDPKit */,
				550BACA51921EFB7001F393D /* TSAppDelegate.h */,
				550BACA61921EFB7001F393D /* TSAppDelegate.m */,
				550BACAB1921EFB7001F393D /* Images.xcassets */,
				55011B74192351CE00D0B7A3 /* Models */,
				551070151923326E009A2A6E /* Controller */,
				550BACCC1921F29A001F393D /* Category */,
				550BAC9D1921EFB7001F393D /* Supporting Files */,
			);
			path = TaskScheduler;
			sourceTree = "<group>";
		};
		550BAC9D1921EFB7001F393D /* Supporting Files */ = {
			isa = PBXGroup;
			children = (
				550BAC9E1921EFB7001F393D /* TaskScheduler-Info.plist */,
				550BAC9F1921EFB7001F393D /* InfoPlist.strings */,
				550BACA21921EFB7001F393D /* main.m */,
				550BACA41921EFB7001F393D /* TaskScheduler-Prefix.pch */,
			);
			name = "Supporting Files";
			sourceTree = "<group>";
		};
		550BACB91921EFB7001F393D /* TaskSchedulerTests */ = {
			isa = PBXGroup;
			children = (
				550BACBF1921EFB7001F393D /* TaskSchedulerTests.m */,
				550BACBA1921EFB7001F393D /* Supporting Files */,
			);
			path = TaskSchedulerTests;
			sourceTree = "<group>";
		};
		550BACBA1921EFB7001F393D /* Supporting Files */ = {
			isa = PBXGroup;
			children = (
				550BACBB1921EFB7001F393D /* TaskSchedulerTests-Info.plist */,
				550BACBC1921EFB7001F393D /* InfoPlist.strings */,
			);
			name = "Supporting Files";
			sourceTree = "<group>";
		};
		550BACCC1921F29A001F393D /* Category */ = {
			isa = PBXGroup;
			children = (
				550BACD31921F29A001F393D /* UIWindow+TDExtensions.h */,
				550BACD41921F29A001F393D /* UIWindow+TDExtensions.m */,
			);
			path = Category;
			sourceTree = "<group>";
		};
		550BACD91921F55B001F393D /* IDPKit */ = {
			isa = PBXGroup;
			children = (
				550BACDA1921F55B001F393D /* .gitignore */,
				550BACDB1921F55B001F393D /* .gitmodules */,
				550BACDC1921F55B001F393D /* LICENSE */,
				550BACDD1921F55B001F393D /* README.md */,
				550BACDE1921F55B001F393D /* src */,
				550BACE01921F55B001F393D /* submodules */,
			);
			path = IDPKit;
			sourceTree = "<group>";
		};
		550BACDE1921F55B001F393D /* src */ = {
			isa = PBXGroup;
			children = (
				550BACDF1921F55B001F393D /* IDPKit.h */,
			);
			path = src;
			sourceTree = "<group>";
		};
		550BACE01921F55B001F393D /* submodules */ = {
			isa = PBXGroup;
			children = (
				550BACE11921F55B001F393D /* ActiveRecordKit */,
				550BACEF1921F55B001F393D /* CommonKit */,
				550BAD091921F55B001F393D /* DataKit */,
				550BAD531921F55C001F393D /* QuartzCoreKit */,
				550BAD5B1921F55C001F393D /* SystemConfigKit */,
				550BAD631921F55C001F393D /* UIKit */,
			);
			path = submodules;
			sourceTree = "<group>";
		};
		550BACE11921F55B001F393D /* ActiveRecordKit */ = {
			isa = PBXGroup;
			children = (
				550BACE21921F55B001F393D /* .gitignore */,
				550BACE31921F55B001F393D /* LICENSE */,
				550BACE41921F55B001F393D /* README.md */,
				550BACE51921F55B001F393D /* src */,
			);
			path = ActiveRecordKit;
			sourceTree = "<group>";
		};
		550BACE51921F55B001F393D /* src */ = {
			isa = PBXGroup;
			children = (
				550BACE61921F55B001F393D /* IDPActiveRecordKit.h */,
				550BACE71921F55B001F393D /* IDPCoreDataManager.h */,
				550BACE81921F55B001F393D /* IDPCoreDataManager.m */,
				550BACE91921F55B001F393D /* NSManagedObject+IDPExtensions.h */,
				550BACEA1921F55B001F393D /* NSManagedObject+IDPExtensions.m */,
				550BACEB1921F55B001F393D /* NSManagedObjectContext+IDPExtensions.h */,
				550BACEC1921F55B001F393D /* NSManagedObjectContext+IDPExtensions.m */,
				550BACED1921F55B001F393D /* NSManagedObjectID+IDPExtensions.h */,
				550BACEE1921F55B001F393D /* NSManagedObjectID+IDPExtensions.m */,
			);
			path = src;
			sourceTree = "<group>";
		};
		550BACEF1921F55B001F393D /* CommonKit */ = {
			isa = PBXGroup;
			children = (
				550BACF01921F55B001F393D /* .gitignore */,
				550BACF11921F55B001F393D /* LICENSE */,
				550BACF21921F55B001F393D /* README.md */,
				550BACF31921F55B001F393D /* src */,
			);
			path = CommonKit;
			sourceTree = "<group>";
		};
		550BACF31921F55B001F393D /* src */ = {
			isa = PBXGroup;
			children = (
				550BACF41921F55B001F393D /* CGGeometry+IDPExtensions.h */,
				550BACF51921F55B001F393D /* CGGeometry+IDPExtensions.m */,
				550BACF61921F55B001F393D /* IDPCommonKit.h */,
				550BACF71921F55B001F393D /* IDPMath.h */,
				550BACF81921F55B001F393D /* IDPMath.m */,
				550BACF91921F55B001F393D /* IDPPropertyMacros.h */,
				550BACFA1921F55B001F393D /* IDPSerialization.h */,
				550BACFB1921F55B001F393D /* NSArray+IDPExtensions.h */,
				550BACFC1921F55B001F393D /* NSArray+IDPExtensions.m */,
				550BACFD1921F55B001F393D /* NSBundle+IDPExtensions.h */,
				550BACFE1921F55B001F393D /* NSBundle+IDPExtensions.m */,
				550BACFF1921F55B001F393D /* NSDate+IDPExtensions.h */,
				550BAD001921F55B001F393D /* NSDate+IDPExtensions.m */,
				550BAD011921F55B001F393D /* NSDateComponents+IDPExtinsions.h */,
				550BAD021921F55B001F393D /* NSDateComponents+IDPExtinsions.m */,
				550BAD031921F55B001F393D /* NSFileManager+IDPExtensions.h */,
				550BAD041921F55B001F393D /* NSFileManager+IDPExtensions.m */,
				550BAD051921F55B001F393D /* NSObject+IDPExtensions.h */,
				550BAD061921F55B001F393D /* NSObject+IDPExtensions.m */,
				550BAD071921F55B001F393D /* NSString+IDPExtensions.h */,
				550BAD081921F55B001F393D /* NSString+IDPExtensions.m */,
			);
			path = src;
			sourceTree = "<group>";
		};
		550BAD091921F55B001F393D /* DataKit */ = {
			isa = PBXGroup;
			children = (
				550BAD0A1921F55B001F393D /* .gitignore */,
				550BAD0B1921F55B001F393D /* LICENSE */,
				550BAD0C1921F55B001F393D /* README.md */,
				550BAD0D1921F55B001F393D /* src */,
			);
			path = DataKit;
			sourceTree = "<group>";
		};
		550BAD0D1921F55B001F393D /* src */ = {
			isa = PBXGroup;
			children = (
				550BAD0E1921F55B001F393D /* IDPBlock */,
				550BAD111921F55B001F393D /* IDPBufferArray */,
				550BAD141921F55B001F393D /* IDPDataKit.h */,
				550BAD151921F55B001F393D /* IDPKeyPathObserver */,
				550BAD181921F55B001F393D /* IDPKVOMutableArray */,
				550BAD1D1921F55B001F393D /* IDPMachTimer */,
				550BAD201921F55B001F393D /* IDPModels */,
				550BAD271921F55B001F393D /* IDPMutableArray */,
				550BAD2A1921F55B001F393D /* IDPMutableDictionary */,
				550BAD2D1921F55B001F393D /* IDPObjectCompositionContext */,
				550BAD3A1921F55C001F393D /* IDPObservableObject */,
				550BAD3D1921F55C001F393D /* IDPReference */,
				550BAD441921F55C001F393D /* IDPRetainingDictionary */,
				550BAD471921F55C001F393D /* IDPStackArray */,
				550BAD4A1921F55C001F393D /* IDPURLConnection */,
				550BAD4D1921F55C001F393D /* IDPURLRequest */,
				550BAD501921F55C001F393D /* IDPWeakArray */,
			);
			path = src;
			sourceTree = "<group>";
		};
		550BAD0E1921F55B001F393D /* IDPBlock */ = {
			isa = PBXGroup;
			children = (
				550BAD0F1921F55B001F393D /* IDPBlock.h */,
				550BAD101921F55B001F393D /* IDPBlock.m */,
			);
			path = IDPBlock;
			sourceTree = "<group>";
		};
		550BAD111921F55B001F393D /* IDPBufferArray */ = {
			isa = PBXGroup;
			children = (
				550BAD121921F55B001F393D /* IDPBufferArray.h */,
				550BAD131921F55B001F393D /* IDPBufferArray.m */,
			);
			path = IDPBufferArray;
			sourceTree = "<group>";
		};
		550BAD151921F55B001F393D /* IDPKeyPathObserver */ = {
			isa = PBXGroup;
			children = (
				550BAD161921F55B001F393D /* IDPKeyPathObserver.h */,
				550BAD171921F55B001F393D /* IDPKeyPathObserver.m */,
			);
			path = IDPKeyPathObserver;
			sourceTree = "<group>";
		};
		550BAD181921F55B001F393D /* IDPKVOMutableArray */ = {
			isa = PBXGroup;
			children = (
				550BAD191921F55B001F393D /* IDPKVOContext.h */,
				550BAD1A1921F55B001F393D /* IDPKVOContext.m */,
				550BAD1B1921F55B001F393D /* IDPKVOMutableArray.h */,
				550BAD1C1921F55B001F393D /* IDPKVOMutableArray.m */,
			);
			path = IDPKVOMutableArray;
			sourceTree = "<group>";
		};
		550BAD1D1921F55B001F393D /* IDPMachTimer */ = {
			isa = PBXGroup;
			children = (
				550BAD1E1921F55B001F393D /* IDPMachTimer.h */,
				550BAD1F1921F55B001F393D /* IDPMachTimer.m */,
			);
			path = IDPMachTimer;
			sourceTree = "<group>";
		};
		550BAD201921F55B001F393D /* IDPModels */ = {
			isa = PBXGroup;
			children = (
				550BAD211921F55B001F393D /* IDPModel.h */,
				550BAD221921F55B001F393D /* IDPModel.m */,
				550BAD231921F55B001F393D /* IDPModelObserver.h */,
				550BAD241921F55B001F393D /* IDPModelProtocol.h */,
				550BAD251921F55B001F393D /* IDPSingletonModel.h */,
				550BAD261921F55B001F393D /* IDPSingletonModel.m */,
			);
			path = IDPModels;
			sourceTree = "<group>";
		};
		550BAD271921F55B001F393D /* IDPMutableArray */ = {
			isa = PBXGroup;
			children = (
				550BAD281921F55B001F393D /* IDPMutableArray.h */,
				550BAD291921F55B001F393D /* IDPMutableArray.m */,
			);
			path = IDPMutableArray;
			sourceTree = "<group>";
		};
		550BAD2A1921F55B001F393D /* IDPMutableDictionary */ = {
			isa = PBXGroup;
			children = (
				550BAD2B1921F55B001F393D /* IDPMutableDictionary.h */,
				550BAD2C1921F55B001F393D /* IDPMutableDictionary.m */,
			);
			path = IDPMutableDictionary;
			sourceTree = "<group>";
		};
		550BAD2D1921F55B001F393D /* IDPObjectCompositionContext */ = {
			isa = PBXGroup;
			children = (
				550BAD2E1921F55B001F393D /* IDPModelMixin.h */,
				550BAD2F1921F55B001F393D /* IDPModelMixin.m */,
				550BAD301921F55B001F393D /* IDPOCContext.h */,
				550BAD311921F55B001F393D /* IDPOCContext.m */,
				550BAD321921F55B001F393D /* IDPOCImplementation.h */,
				550BAD331921F55B001F393D /* IDPOCImplementation.m */,
				550BAD341921F55B001F393D /* IDPOCStack.h */,
				550BAD351921F55B001F393D /* IDPOCStack.m */,
				550BAD361921F55B001F393D /* NSObject+IDPOCExtensions.h */,
				550BAD371921F55B001F393D /* NSObject+IDPOCExtensions.m */,
				550BAD381921F55C001F393D /* NSObject+IDPOCExtensionsPrivate.h */,
				550BAD391921F55C001F393D /* NSObject+IDPOCExtensionsPrivate.m */,
			);
			path = IDPObjectCompositionContext;
			sourceTree = "<group>";
		};
		550BAD3A1921F55C001F393D /* IDPObservableObject */ = {
			isa = PBXGroup;
			children = (
				550BAD3B1921F55C001F393D /* IDPObservableObject.h */,
				550BAD3C1921F55C001F393D /* IDPObservableObject.m */,
			);
			path = IDPObservableObject;
			sourceTree = "<group>";
		};
		550BAD3D1921F55C001F393D /* IDPReference */ = {
			isa = PBXGroup;
			children = (
				550BAD3E1921F55C001F393D /* IDPReference.h */,
				550BAD3F1921F55C001F393D /* IDPReference.m */,
				550BAD401921F55C001F393D /* IDPRetainingReference.h */,
				550BAD411921F55C001F393D /* IDPRetainingReference.m */,
				550BAD421921F55C001F393D /* IDPWeakReference.h */,
				550BAD431921F55C001F393D /* IDPWeakReference.m */,
			);
			path = IDPReference;
			sourceTree = "<group>";
		};
		550BAD441921F55C001F393D /* IDPRetainingDictionary */ = {
			isa = PBXGroup;
			children = (
				550BAD451921F55C001F393D /* IDPRetainingDictionary.h */,
				550BAD461921F55C001F393D /* IDPRetainingDictionary.m */,
			);
			path = IDPRetainingDictionary;
			sourceTree = "<group>";
		};
		550BAD471921F55C001F393D /* IDPStackArray */ = {
			isa = PBXGroup;
			children = (
				550BAD481921F55C001F393D /* IDPStackArray.h */,
				550BAD491921F55C001F393D /* IDPStackArray.m */,
			);
			path = IDPStackArray;
			sourceTree = "<group>";
		};
		550BAD4A1921F55C001F393D /* IDPURLConnection */ = {
			isa = PBXGroup;
			children = (
				550BAD4B1921F55C001F393D /* IDPURLConnection.h */,
				550BAD4C1921F55C001F393D /* IDPURLConnection.m */,
			);
			path = IDPURLConnection;
			sourceTree = "<group>";
		};
		550BAD4D1921F55C001F393D /* IDPURLRequest */ = {
			isa = PBXGroup;
			children = (
				550BAD4E1921F55C001F393D /* IDPURLRequest.h */,
				550BAD4F1921F55C001F393D /* IDPURLRequest.m */,
			);
			path = IDPURLRequest;
			sourceTree = "<group>";
		};
		550BAD501921F55C001F393D /* IDPWeakArray */ = {
			isa = PBXGroup;
			children = (
				550BAD511921F55C001F393D /* IDPWeakArray.h */,
				550BAD521921F55C001F393D /* IDPWeakArray.m */,
			);
			path = IDPWeakArray;
			sourceTree = "<group>";
		};
		550BAD531921F55C001F393D /* QuartzCoreKit */ = {
			isa = PBXGroup;
			children = (
				550BAD541921F55C001F393D /* .gitignore */,
				550BAD551921F55C001F393D /* LICENSE */,
				550BAD561921F55C001F393D /* README.md */,
				550BAD571921F55C001F393D /* src */,
			);
			path = QuartzCoreKit;
			sourceTree = "<group>";
		};
		550BAD571921F55C001F393D /* src */ = {
			isa = PBXGroup;
			children = (
				550BAD581921F55C001F393D /* CALayer+RoundedCorners.h */,
				550BAD591921F55C001F393D /* CALayer+RoundedCorners.m */,
				550BAD5A1921F55C001F393D /* IDPQuartzCoreKit.h */,
			);
			path = src;
			sourceTree = "<group>";
		};
		550BAD5B1921F55C001F393D /* SystemConfigKit */ = {
			isa = PBXGroup;
			children = (
				550BAD5C1921F55C001F393D /* .gitignore */,
				550BAD5D1921F55C001F393D /* LICENSE */,
				550BAD5E1921F55C001F393D /* README.md */,
				550BAD5F1921F55C001F393D /* src */,
			);
			path = SystemConfigKit;
			sourceTree = "<group>";
		};
		550BAD5F1921F55C001F393D /* src */ = {
			isa = PBXGroup;
			children = (
				550BAD601921F55C001F393D /* IDPNetworkReachability.h */,
				550BAD611921F55C001F393D /* IDPNetworkReachability.m */,
				550BAD621921F55C001F393D /* IDPSystemConfigKit.h */,
			);
			path = src;
			sourceTree = "<group>";
		};
		550BAD631921F55C001F393D /* UIKit */ = {
			isa = PBXGroup;
			children = (
				550BAD641921F55C001F393D /* .gitignore */,
				550BAD651921F55C001F393D /* LICENSE */,
				550BAD661921F55C001F393D /* README.md */,
				550BAD671921F55C001F393D /* src */,
			);
			path = UIKit;
			sourceTree = "<group>";
		};
		550BAD671921F55C001F393D /* src */ = {
			isa = PBXGroup;
			children = (
				550BAD681921F55C001F393D /* IDPLoadingView.h */,
				550BAD691921F55C001F393D /* IDPLoadingView.m */,
				550BAD6A1921F55C001F393D /* IDPShareObject.h */,
				550BAD6B1921F55C001F393D /* IDPShareObject.m */,
				550BAD6C1921F55C001F393D /* IDPUIKit.h */,
				550BAD6D1921F55C001F393D /* UIAlertView+IDPExtensions.h */,
				550BAD6E1921F55C001F393D /* UIAlertView+IDPExtensions.m */,
				550BAD6F1921F55C001F393D /* UIColor+IDPExtensions.h */,
				550BAD701921F55C001F393D /* UIColor+IDPExtensions.m */,
				550BAD711921F55C001F393D /* UIEvent+IDPExtensions.h */,
				550BAD721921F55C001F393D /* UIEvent+IDPExtensions.m */,
				550BAD731921F55C001F393D /* UIImage+IDPExtensions.h */,
				550BAD741921F55C001F393D /* UIImage+IDPExtensions.m */,
				550BAD751921F55C001F393D /* UINib+IDPExtensions.h */,
				550BAD761921F55C001F393D /* UINib+IDPExtensions.m */,
				550BAD771921F55C001F393D /* UIStoryboard+IDPExtensions.h */,
				550BAD781921F55C001F393D /* UIStoryboard+IDPExtensions.m */,
				550BAD791921F55C001F393D /* UITableView+IDPCellLoading.h */,
				550BAD7A1921F55C001F393D /* UITableView+IDPCellLoading.m */,
				550BAD7B1921F55C001F393D /* UIView+IDPExtensions.h */,
				550BAD7C1921F55C001F393D /* UIView+IDPExtensions.m */,
				550BAD7D1921F55C001F393D /* UIViewController+IDPExtensions.h */,
				550BAD7E1921F55C001F393D /* UIViewController+IDPExtensions.m */,
				550BAD7F1921F55C001F393D /* UIViewController+IDPInitialization.h */,
				550BAD801921F55C001F393D /* UIViewController+IDPInitialization.m */,
			);
			path = src;
			sourceTree = "<group>";
		};
		550BADD1192207E5001F393D /* CKCalendar */ = {
			isa = PBXGroup;
			children = (
				550BADD2192207E5001F393D /* CKCalendarView.h */,
				550BADD3192207E5001F393D /* CKCalendarView.m */,
				550BADD4192207E5001F393D /* README.md */,
				550BADD5192207E5001F393D /* resources */,
			);
			path = CKCalendar;
			sourceTree = "<group>";
		};
		550BADD5192207E5001F393D /* resources */ = {
			isa = PBXGroup;
			children = (
				550BADD6192207E5001F393D /* left_arrow.png */,
				550BADD7192207E5001F393D /* left_arrow@2x.png */,
				550BADD8192207E5001F393D /* right_arrow.png */,
				550BADD9192207E5001F393D /* right_arrow@2x.png */,
			);
			path = resources;
			sourceTree = "<group>";
		};
		550BADE019220E5E001F393D /* CalendarViewController */ = {
			isa = PBXGroup;
			children = (
				550BADE119220EE2001F393D /* TSCalendarViewController.h */,
				550BADE219220EE2001F393D /* TSCalendarViewController.m */,
				550BADE319220EE2001F393D /* TSCalendarViewController.xib */,
				550BADE6192210A6001F393D /* TSCalendarView.h */,
				550BADE7192210A6001F393D /* TSCalendarView.m */,
			);
			path = CalendarViewController;
			sourceTree = "<group>";
		};
		551070151923326E009A2A6E /* Controller */ = {
			isa = PBXGroup;
			children = (
				550BADE019220E5E001F393D /* CalendarViewController */,
			);
			path = Controller;
			sourceTree = "<group>";
		};
/* End PBXGroup section */

/* Begin PBXNativeTarget section */
		550BAC901921EFB7001F393D /* TaskScheduler */ = {
			isa = PBXNativeTarget;
			buildConfigurationList = 550BACC31921EFB7001F393D /* Build configuration list for PBXNativeTarget "TaskScheduler" */;
			buildPhases = (
				550BAC8D1921EFB7001F393D /* Sources */,
				550BAC8E1921EFB7001F393D /* Frameworks */,
				550BAC8F1921EFB7001F393D /* Resources */,
			);
			buildRules = (
			);
			dependencies = (
			);
			name = TaskScheduler;
			productName = TaskScheduler;
			productReference = 550BAC911921EFB7001F393D /* TaskScheduler.app */;
			productType = "com.apple.product-type.application";
		};
		550BACB01921EFB7001F393D /* TaskSchedulerTests */ = {
			isa = PBXNativeTarget;
			buildConfigurationList = 550BACC61921EFB7001F393D /* Build configuration list for PBXNativeTarget "TaskSchedulerTests" */;
			buildPhases = (
				550BACAD1921EFB7001F393D /* Sources */,
				550BACAE1921EFB7001F393D /* Frameworks */,
				550BACAF1921EFB7001F393D /* Resources */,
			);
			buildRules = (
			);
			dependencies = (
				550BACB81921EFB7001F393D /* PBXTargetDependency */,
			);
			name = TaskSchedulerTests;
			productName = TaskSchedulerTests;
			productReference = 550BACB11921EFB7001F393D /* TaskSchedulerTests.xctest */;
			productType = "com.apple.product-type.bundle.unit-test";
		};
/* End PBXNativeTarget section */

/* Begin PBXProject section */
		550BAC891921EFB7001F393D /* Project object */ = {
			isa = PBXProject;
			attributes = {
				CLASSPREFIX = TS;
				LastUpgradeCheck = 0510;
				ORGANIZATIONNAME = "Vitaliy Voronok";
				TargetAttributes = {
					550BACB01921EFB7001F393D = {
						TestTargetID = 550BAC901921EFB7001F393D;
					};
				};
			};
			buildConfigurationList = 550BAC8C1921EFB7001F393D /* Build configuration list for PBXProject "TaskScheduler" */;
			compatibilityVersion = "Xcode 3.2";
			developmentRegion = English;
			hasScannedForEncodings = 0;
			knownRegions = (
				en,
			);
			mainGroup = 550BAC881921EFB7001F393D;
			productRefGroup = 550BAC921921EFB7001F393D /* Products */;
			projectDirPath = "";
			projectRoot = "";
			targets = (
				550BAC901921EFB7001F393D /* TaskScheduler */,
				550BACB01921EFB7001F393D /* TaskSchedulerTests */,
			);
		};
/* End PBXProject section */

/* Begin PBXResourcesBuildPhase section */
		550BAC8F1921EFB7001F393D /* Resources */ = {
			isa = PBXResourcesBuildPhase;
			buildActionMask = 2147483647;
			files = (
				550BADB81921F55C001F393D /* .gitignore in Resources */,
				550BAD851921F55C001F393D /* .gitignore in Resources */,
				550BAD831921F55C001F393D /* LICENSE in Resources */,
				550BADB91921F55C001F393D /* LICENSE in Resources */,
				550BADDB192207E5001F393D /* README.md in Resources */,
				550BAD871921F55C001F393D /* README.md in Resources */,
				550BADBC1921F55C001F393D /* .gitignore in Resources */,
				550BADE519220EE2001F393D /* TSCalendarViewController.xib in Resources */,
				550BADDD192207E5001F393D /* left_arrow@2x.png in Resources */,
				550BAD811921F55C001F393D /* .gitignore in Resources */,
				550BADB41921F55C001F393D /* .gitignore in Resources */,
				550BADDE192207E5001F393D /* right_arrow.png in Resources */,
				550BADDF192207E5001F393D /* right_arrow@2x.png in Resources */,
				550BAD8E1921F55C001F393D /* README.md in Resources */,
				550BADB51921F55C001F393D /* LICENSE in Resources */,
				550BAD8C1921F55C001F393D /* .gitignore in Resources */,
				550BAD9A1921F55C001F393D /* README.md in Resources */,
				550BADBE1921F55C001F393D /* README.md in Resources */,
				550BACA11921EFB7001F393D /* InfoPlist.strings in Resources */,
				550BAD8D1921F55C001F393D /* LICENSE in Resources */,
				550BAD981921F55C001F393D /* .gitignore in Resources */,
				550BAD991921F55C001F393D /* LICENSE in Resources */,
				550BADB61921F55C001F393D /* README.md in Resources */,
				550BAD841921F55C001F393D /* README.md in Resources */,
				550BADBD1921F55C001F393D /* LICENSE in Resources */,
				550BAD821921F55C001F393D /* .gitmodules in Resources */,
				550BAD861921F55C001F393D /* LICENSE in Resources */,
				550BACCA1921EFF5001F393D /* .gitignore in Resources */,
				550BADDC192207E5001F393D /* left_arrow.png in Resources */,
				550BADBA1921F55C001F393D /* README.md in Resources */,
				550BACAC1921EFB7001F393D /* Images.xcassets in Resources */,
			);
			runOnlyForDeploymentPostprocessing = 0;
		};
		550BACAF1921EFB7001F393D /* Resources */ = {
			isa = PBXResourcesBuildPhase;
			buildActionMask = 2147483647;
			files = (
				550BACBE1921EFB7001F393D /* InfoPlist.strings in Resources */,
			);
			runOnlyForDeploymentPostprocessing = 0;
		};
/* End PBXResourcesBuildPhase section */

/* Begin PBXSourcesBuildPhase section */
		550BAC8D1921EFB7001F393D /* Sources */ = {
			isa = PBXSourcesBuildPhase;
			buildActionMask = 2147483647;
			files = (
				550BADA81921F55C001F393D /* IDPOCStack.m in Sources */,
				550BAD881921F55C001F393D /* IDPCoreDataManager.m in Sources */,
				550BACAA1921EFB7001F393D /* TaskScheduler.xcdatamodeld in Sources */,
				550BADBB1921F55C001F393D /* IDPNetworkReachability.m in Sources */,
				550BADCA1921F55C001F393D /* UIViewController+IDPInitialization.m in Sources */,
				55011B7B1923608C00D0B7A3 /* TSRuleType.m in Sources */,
				5582D80A1924934300A2C921 /* TSRuleOnceWeek.m in Sources */,
				550BADB01921F55C001F393D /* IDPStackArray.m in Sources */,
				550BAD951921F55C001F393D /* NSFileManager+IDPExtensions.m in Sources */,
				550BADB11921F55C001F393D /* IDPURLConnection.m in Sources */,
				550BADC21921F55C001F393D /* UIColor+IDPExtensions.m in Sources */,
				550BADA11921F55C001F393D /* IDPModel.m in Sources */,
				550BADAF1921F55C001F393D /* IDPRetainingDictionary.m in Sources */,
				5582D8071924933000A2C921 /* TSRuleOnceDay.m in Sources */,
				5582D8041924931A00A2C921 /* TSTaskRule.m in Sources */,
				550BADC81921F55C001F393D /* UIView+IDPExtensions.m in Sources */,
				550BADDA192207E5001F393D /* CKCalendarView.m in Sources */,
				550BAD9C1921F55C001F393D /* IDPBufferArray.m in Sources */,
				550BAD9B1921F55C001F393D /* IDPBlock.m in Sources */,
				550BADAD1921F55C001F393D /* IDPRetainingReference.m in Sources */,
				550BADC01921F55C001F393D /* IDPShareObject.m in Sources */,
				550BADE419220EE2001F393D /* TSCalendarViewController.m in Sources */,
				550BADC61921F55C001F393D /* UIStoryboard+IDPExtensions.m in Sources */,
				550BADAE1921F55C001F393D /* IDPWeakReference.m in Sources */,
				550BAD961921F55C001F393D /* NSObject+IDPExtensions.m in Sources */,
				550BADC31921F55C001F393D /* UIEvent+IDPExtensions.m in Sources */,
				550BAD8B1921F55C001F393D /* NSManagedObjectID+IDPExtensions.m in Sources */,
				550BADA61921F55C001F393D /* IDPOCContext.m in Sources */,
				550BAD901921F55C001F393D /* IDPMath.m in Sources */,
				550BADC11921F55C001F393D /* UIAlertView+IDPExtensions.m in Sources */,
				550BADA51921F55C001F393D /* IDPModelMixin.m in Sources */,
				550BAD931921F55C001F393D /* NSDate+IDPExtensions.m in Sources */,
				550BADAC1921F55C001F393D /* IDPReference.m in Sources */,
				550BAD8F1921F55C001F393D /* CGGeometry+IDPExtensions.m in Sources */,
				550BADB21921F55C001F393D /* IDPURLRequest.m in Sources */,
				550BADB71921F55C001F393D /* CALayer+RoundedCorners.m in Sources */,
				550BACA31921EFB7001F393D /* main.m in Sources */,
				550BAD891921F55C001F393D /* NSManagedObject+IDPExtensions.m in Sources */,
				550BADB31921F55C001F393D /* IDPWeakArray.m in Sources */,
				550BACA71921EFB7001F393D /* TSAppDelegate.m in Sources */,
				5582D810192493EB00A2C921 /* TSRuleOnceYear.m in Sources */,
				550BADA21921F55C001F393D /* IDPSingletonModel.m in Sources */,
				55011B781923608B00D0B7A3 /* TSTask.m in Sources */,
				550BAD8A1921F55C001F393D /* NSManagedObjectContext+IDPExtensions.m in Sources */,
				550BADAA1921F55C001F393D /* NSObject+IDPOCExtensionsPrivate.m in Sources */,
				550BADA01921F55C001F393D /* IDPMachTimer.m in Sources */,
				5582D8011924917700A2C921 /* TSFindTasks.m in Sources */,
				550BADC41921F55C001F393D /* UIImage+IDPExtensions.m in Sources */,
				550BAD9D1921F55C001F393D /* IDPKeyPathObserver.m in Sources */,
				550BAD9F1921F55C001F393D /* IDPKVOMutableArray.m in Sources */,
				550BAD941921F55C001F393D /* NSDateComponents+IDPExtinsions.m in Sources */,
				5582D80D192493D100A2C921 /* TSRuleOnceMonth.m in Sources */,
				550BADA91921F55C001F393D /* NSObject+IDPOCExtensions.m in Sources */,
				550BADC71921F55C001F393D /* UITableView+IDPCellLoading.m in Sources */,
				550BADAB1921F55C001F393D /* IDPObservableObject.m in Sources */,
				550BADE8192210A6001F393D /* TSCalendarView.m in Sources */,
				550BAD911921F55C001F393D /* NSArray+IDPExtensions.m in Sources */,
				550BAD971921F55C001F393D /* NSString+IDPExtensions.m in Sources */,
				550BADA41921F55C001F393D /* IDPMutableDictionary.m in Sources */,
				550BAD9E1921F55C001F393D /* IDPKVOContext.m in Sources */,
				550BADC51921F55C001F393D /* UINib+IDPExtensions.m in Sources */,
				550BAD921921F55C001F393D /* NSBundle+IDPExtensions.m in Sources */,
				550BADA31921F55C001F393D /* IDPMutableArray.m in Sources */,
				550BADC91921F55C001F393D /* UIViewController+IDPExtensions.m in Sources */,
				550BACD81921F29A001F393D /* UIWindow+TDExtensions.m in Sources */,
				550BADA71921F55C001F393D /* IDPOCImplementation.m in Sources */,
				550BADBF1921F55C001F393D /* IDPLoadingView.m in Sources */,
			);
			runOnlyForDeploymentPostprocessing = 0;
		};
		550BACAD1921EFB7001F393D /* Sources */ = {
			isa = PBXSourcesBuildPhase;
			buildActionMask = 2147483647;
			files = (
				550BACC01921EFB7001F393D /* TaskSchedulerTests.m in Sources */,
			);
			runOnlyForDeploymentPostprocessing = 0;
		};
/* End PBXSourcesBuildPhase section */

/* Begin PBXTargetDependency section */
		550BACB81921EFB7001F393D /* PBXTargetDependency */ = {
			isa = PBXTargetDependency;
			target = 550BAC901921EFB7001F393D /* TaskScheduler */;
			targetProxy = 550BACB71921EFB7001F393D /* PBXContainerItemProxy */;
		};
/* End PBXTargetDependency section */

/* Begin PBXVariantGroup section */
		550BAC9F1921EFB7001F393D /* InfoPlist.strings */ = {
			isa = PBXVariantGroup;
			children = (
				550BACA01921EFB7001F393D /* en */,
			);
			name = InfoPlist.strings;
			sourceTree = "<group>";
		};
		550BACBC1921EFB7001F393D /* InfoPlist.strings */ = {
			isa = PBXVariantGroup;
			children = (
				550BACBD1921EFB7001F393D /* en */,
			);
			name = InfoPlist.strings;
			sourceTree = "<group>";
		};
/* End PBXVariantGroup section */

/* Begin XCBuildConfiguration section */
		550BACC11921EFB7001F393D /* Debug */ = {
			isa = XCBuildConfiguration;
			buildSettings = {
				ALWAYS_SEARCH_USER_PATHS = NO;
				CLANG_CXX_LANGUAGE_STANDARD = "gnu++0x";
				CLANG_CXX_LIBRARY = "libc++";
				CLANG_ENABLE_MODULES = YES;
				CLANG_ENABLE_OBJC_ARC = NO;
				CLANG_WARN_BOOL_CONVERSION = YES;
				CLANG_WARN_CONSTANT_CONVERSION = YES;
				CLANG_WARN_DIRECT_OBJC_ISA_USAGE = YES_ERROR;
				CLANG_WARN_EMPTY_BODY = YES;
				CLANG_WARN_ENUM_CONVERSION = YES;
				CLANG_WARN_INT_CONVERSION = YES;
				CLANG_WARN_OBJC_ROOT_CLASS = YES_ERROR;
				CLANG_WARN__DUPLICATE_METHOD_MATCH = YES;
				"CODE_SIGN_IDENTITY[sdk=iphoneos*]" = "iPhone Developer";
				COPY_PHASE_STRIP = NO;
				FRAMEWORK_SEARCH_PATHS = "$(SRCROOT)";
				GCC_C_LANGUAGE_STANDARD = gnu99;
				GCC_DYNAMIC_NO_PIC = NO;
				GCC_OPTIMIZATION_LEVEL = 0;
				GCC_PREPROCESSOR_DEFINITIONS = (
					"DEBUG=1",
					"$(inherited)",
				);
				GCC_SYMBOLS_PRIVATE_EXTERN = NO;
				GCC_WARN_64_TO_32_BIT_CONVERSION = YES;
				GCC_WARN_ABOUT_RETURN_TYPE = YES_ERROR;
				GCC_WARN_UNDECLARED_SELECTOR = YES;
				GCC_WARN_UNINITIALIZED_AUTOS = YES;
				GCC_WARN_UNUSED_FUNCTION = YES;
				GCC_WARN_UNUSED_VARIABLE = YES;
				HEADER_SEARCH_PATHS = (
					"$(inherited)",
					"$(SRCROOT)",
				);
				IPHONEOS_DEPLOYMENT_TARGET = 7.0;
				ONLY_ACTIVE_ARCH = YES;
				SDKROOT = iphoneos;
			};
			name = Debug;
		};
		550BACC21921EFB7001F393D /* Release */ = {
			isa = XCBuildConfiguration;
			buildSettings = {
				ALWAYS_SEARCH_USER_PATHS = NO;
				CLANG_CXX_LANGUAGE_STANDARD = "gnu++0x";
				CLANG_CXX_LIBRARY = "libc++";
				CLANG_ENABLE_MODULES = YES;
				CLANG_ENABLE_OBJC_ARC = NO;
				CLANG_WARN_BOOL_CONVERSION = YES;
				CLANG_WARN_CONSTANT_CONVERSION = YES;
				CLANG_WARN_DIRECT_OBJC_ISA_USAGE = YES_ERROR;
				CLANG_WARN_EMPTY_BODY = YES;
				CLANG_WARN_ENUM_CONVERSION = YES;
				CLANG_WARN_INT_CONVERSION = YES;
				CLANG_WARN_OBJC_ROOT_CLASS = YES_ERROR;
				CLANG_WARN__DUPLICATE_METHOD_MATCH = YES;
				"CODE_SIGN_IDENTITY[sdk=iphoneos*]" = "iPhone Developer";
				COPY_PHASE_STRIP = YES;
				ENABLE_NS_ASSERTIONS = NO;
				FRAMEWORK_SEARCH_PATHS = "$(SRCROOT)";
				GCC_C_LANGUAGE_STANDARD = gnu99;
				GCC_WARN_64_TO_32_BIT_CONVERSION = YES;
				GCC_WARN_ABOUT_RETURN_TYPE = YES_ERROR;
				GCC_WARN_UNDECLARED_SELECTOR = YES;
				GCC_WARN_UNINITIALIZED_AUTOS = YES;
				GCC_WARN_UNUSED_FUNCTION = YES;
				GCC_WARN_UNUSED_VARIABLE = YES;
				HEADER_SEARCH_PATHS = (
					"$(inherited)",
					"$(SRCROOT)",
				);
				IPHONEOS_DEPLOYMENT_TARGET = 7.0;
				SDKROOT = iphoneos;
				VALIDATE_PRODUCT = YES;
			};
			name = Release;
		};
		550BACC41921EFB7001F393D /* Debug */ = {
			isa = XCBuildConfiguration;
			buildSettings = {
				ASSETCATALOG_COMPILER_APPICON_NAME = AppIcon;
				ASSETCATALOG_COMPILER_LAUNCHIMAGE_NAME = LaunchImage;
				GCC_PRECOMPILE_PREFIX_HEADER = YES;
				GCC_PREFIX_HEADER = "TaskScheduler/TaskScheduler-Prefix.pch";
				INFOPLIST_FILE = "TaskScheduler/TaskScheduler-Info.plist";
				PRODUCT_NAME = "$(TARGET_NAME)";
				WRAPPER_EXTENSION = app;
			};
			name = Debug;
		};
		550BACC51921EFB7001F393D /* Release */ = {
			isa = XCBuildConfiguration;
			buildSettings = {
				ASSETCATALOG_COMPILER_APPICON_NAME = AppIcon;
				ASSETCATALOG_COMPILER_LAUNCHIMAGE_NAME = LaunchImage;
				GCC_PRECOMPILE_PREFIX_HEADER = YES;
				GCC_PREFIX_HEADER = "TaskScheduler/TaskScheduler-Prefix.pch";
				INFOPLIST_FILE = "TaskScheduler/TaskScheduler-Info.plist";
				PRODUCT_NAME = "$(TARGET_NAME)";
				WRAPPER_EXTENSION = app;
			};
			name = Release;
		};
		550BACC71921EFB7001F393D /* Debug */ = {
			isa = XCBuildConfiguration;
			buildSettings = {
				BUNDLE_LOADER = "$(BUILT_PRODUCTS_DIR)/TaskScheduler.app/TaskScheduler";
				FRAMEWORK_SEARCH_PATHS = (
					"$(SDKROOT)/Developer/Library/Frameworks",
					"$(inherited)",
					"$(DEVELOPER_FRAMEWORKS_DIR)",
				);
				GCC_PRECOMPILE_PREFIX_HEADER = YES;
				GCC_PREFIX_HEADER = "TaskScheduler/TaskScheduler-Prefix.pch";
				GCC_PREPROCESSOR_DEFINITIONS = (
					"DEBUG=1",
					"$(inherited)",
				);
				INFOPLIST_FILE = "TaskSchedulerTests/TaskSchedulerTests-Info.plist";
				PRODUCT_NAME = "$(TARGET_NAME)";
				TEST_HOST = "$(BUNDLE_LOADER)";
				WRAPPER_EXTENSION = xctest;
			};
			name = Debug;
		};
		550BACC81921EFB7001F393D /* Release */ = {
			isa = XCBuildConfiguration;
			buildSettings = {
				BUNDLE_LOADER = "$(BUILT_PRODUCTS_DIR)/TaskScheduler.app/TaskScheduler";
				FRAMEWORK_SEARCH_PATHS = (
					"$(SDKROOT)/Developer/Library/Frameworks",
					"$(inherited)",
					"$(DEVELOPER_FRAMEWORKS_DIR)",
				);
				GCC_PRECOMPILE_PREFIX_HEADER = YES;
				GCC_PREFIX_HEADER = "TaskScheduler/TaskScheduler-Prefix.pch";
				INFOPLIST_FILE = "TaskSchedulerTests/TaskSchedulerTests-Info.plist";
				PRODUCT_NAME = "$(TARGET_NAME)";
				TEST_HOST = "$(BUNDLE_LOADER)";
				WRAPPER_EXTENSION = xctest;
			};
			name = Release;
		};
/* End XCBuildConfiguration section */

/* Begin XCConfigurationList section */
		550BAC8C1921EFB7001F393D /* Build configuration list for PBXProject "TaskScheduler" */ = {
			isa = XCConfigurationList;
			buildConfigurations = (
				550BACC11921EFB7001F393D /* Debug */,
				550BACC21921EFB7001F393D /* Release */,
			);
			defaultConfigurationIsVisible = 0;
			defaultConfigurationName = Release;
		};
		550BACC31921EFB7001F393D /* Build configuration list for PBXNativeTarget "TaskScheduler" */ = {
			isa = XCConfigurationList;
			buildConfigurations = (
				550BACC41921EFB7001F393D /* Debug */,
				550BACC51921EFB7001F393D /* Release */,
			);
			defaultConfigurationIsVisible = 0;
			defaultConfigurationName = Release;
		};
		550BACC61921EFB7001F393D /* Build configuration list for PBXNativeTarget "TaskSchedulerTests" */ = {
			isa = XCConfigurationList;
			buildConfigurations = (
				550BACC71921EFB7001F393D /* Debug */,
				550BACC81921EFB7001F393D /* Release */,
			);
			defaultConfigurationIsVisible = 0;
			defaultConfigurationName = Release;
		};
/* End XCConfigurationList section */

/* Begin XCVersionGroup section */
		550BACA81921EFB7001F393D /* TaskScheduler.xcdatamodeld */ = {
			isa = XCVersionGroup;
			children = (
				550BACA91921EFB7001F393D /* TaskScheduler.xcdatamodel */,
			);
			currentVersion = 550BACA91921EFB7001F393D /* TaskScheduler.xcdatamodel */;
			name = TaskScheduler.xcdatamodeld;
			path = ../TaskScheduler.xcdatamodeld;
			sourceTree = "<group>";
			versionGroupType = wrapper.xcdatamodel;
		};
/* End XCVersionGroup section */
	};
	rootObject = 550BAC891921EFB7001F393D /* Project object */;
}
